// !$*UTF8*$!
{
	archiveVersion = 1;
	classes = {
	};
	objectVersion = 56;
	objects = {

/* Begin PBXBuildFile section */
		A6557C102BBBE79F00E37425 /* AppleInc.framework in Frameworks */ = {isa = PBXBuildFile; fileRef = A6557C072BBBE79F00E37425 /* AppleInc.framework */; };
		A6557C152BBBE79F00E37425 /* AppleIncTests.swift in Sources */ = {isa = PBXBuildFile; fileRef = A6557C142BBBE79F00E37425 /* AppleIncTests.swift */; };
		A6557C162BBBE7A000E37425 /* AppleInc.h in Headers */ = {isa = PBXBuildFile; fileRef = A6557C0A2BBBE79F00E37425 /* AppleInc.h */; settings = {ATTRIBUTES = (Public, ); }; };
/* End PBXBuildFile section */

/* Begin PBXContainerItemProxy section */
		A6557C112BBBE79F00E37425 /* PBXContainerItemProxy */ = {
			isa = PBXContainerItemProxy;
			containerPortal = A6557BFE2BBBE79F00E37425 /* Project object */;
			proxyType = 1;
			remoteGlobalIDString = A6557C062BBBE79F00E37425;
			remoteInfo = AppleInc;
		};
/* End PBXContainerItemProxy section */

/* Begin PBXFileReference section */
		A6557C072BBBE79F00E37425 /* AppleInc.framework */ = {isa = PBXFileReference; explicitFileType = wrapper.framework; includeInIndex = 0; path = AppleInc.framework; sourceTree = BUILT_PRODUCTS_DIR; };
		A6557C0A2BBBE79F00E37425 /* AppleInc.h */ = {isa = PBXFileReference; lastKnownFileType = sourcecode.c.h; path = AppleInc.h; sourceTree = "<group>"; };
		A6557C0F2BBBE79F00E37425 /* AppleIncTests.xctest */ = {isa = PBXFileReference; explicitFileType = wrapper.cfbundle; includeInIndex = 0; path = AppleIncTests.xctest; sourceTree = BUILT_PRODUCTS_DIR; };
		A6557C142BBBE79F00E37425 /* AppleIncTests.swift */ = {isa = PBXFileReference; lastKnownFileType = sourcecode.swift; path = AppleIncTests.swift; sourceTree = "<group>"; };
		A6557C232BBBF66400E37425 /* Apple.playground */ = {isa = PBXFileReference; lastKnownFileType = file.playground; path = Apple.playground; sourceTree = "<group>"; xcLanguageSpecificationIdentifier = xcode.lang.swift; };
		A6557C2C2BBBFF5500E37425 /* AccessControl.playground 17-50-50-972.playground 17-53-03-951.playground */ = {isa = PBXFileReference; lastKnownFileType = file.playground; path = "AccessControl.playground 17-50-50-972.playground 17-53-03-951.playground"; sourceTree = "<group>"; };
		A6557C2E2BBBFF8600E37425 /* AccessControl.playground */ = {isa = PBXFileReference; lastKnownFileType = file.playground; path = AccessControl.playground; sourceTree = "<group>"; xcLanguageSpecificationIdentifier = xcode.lang.swift; };
/* End PBXFileReference section */

/* Begin PBXFrameworksBuildPhase section */
		A6557C042BBBE79F00E37425 /* Frameworks */ = {
			isa = PBXFrameworksBuildPhase;
			buildActionMask = 2147483647;
			files = (
			);
			runOnlyForDeploymentPostprocessing = 0;
		};
		A6557C0C2BBBE79F00E37425 /* Frameworks */ = {
			isa = PBXFrameworksBuildPhase;
			buildActionMask = 2147483647;
			files = (
				A6557C102BBBE79F00E37425 /* AppleInc.framework in Frameworks */,
			);
			runOnlyForDeploymentPostprocessing = 0;
		};
/* End PBXFrameworksBuildPhase section */

/* Begin PBXGroup section */
		A6557BFD2BBBE79F00E37425 = {
			isa = PBXGroup;
			children = (
				A6557C2E2BBBFF8600E37425 /* AccessControl.playground */,
				A6557C232BBBF66400E37425 /* Apple.playground */,
				A6557C092BBBE79F00E37425 /* AppleInc */,
				A6557C132BBBE79F00E37425 /* AppleIncTests */,
				A6557C082BBBE79F00E37425 /* Products */,
			);
			sourceTree = "<group>";
		};
		A6557C082BBBE79F00E37425 /* Products */ = {
			isa = PBXGroup;
			children = (
				A6557C072BBBE79F00E37425 /* AppleInc.framework */,
				A6557C0F2BBBE79F00E37425 /* AppleIncTests.xctest */,
			);
			name = Products;
			sourceTree = "<group>";
		};
		A6557C092BBBE79F00E37425 /* AppleInc */ = {
			isa = PBXGroup;
			children = (
				A6557C0A2BBBE79F00E37425 /* AppleInc.h */,
			);
			path = AppleInc;
			sourceTree = "<group>";
		};
		A6557C132BBBE79F00E37425 /* AppleIncTests */ = {
			isa = PBXGroup;
			children = (
				A6557C2C2BBBFF5500E37425 /* AccessControl.playground 17-50-50-972.playground 17-53-03-951.playground */,
				A6557C142BBBE79F00E37425 /* AppleIncTests.swift */,
			);
			path = AppleIncTests;
			sourceTree = "<group>";
		};
/* End PBXGroup section */

/* Begin PBXHeadersBuildPhase section */
		A6557C022BBBE79F00E37425 /* Headers */ = {
			isa = PBXHeadersBuildPhase;
			buildActionMask = 2147483647;
			files = (
				A6557C162BBBE7A000E37425 /* AppleInc.h in Headers */,
			);
			runOnlyForDeploymentPostprocessing = 0;
		};
/* End PBXHeadersBuildPhase section */

/* Begin PBXNativeTarget section */
		A6557C062BBBE79F00E37425 /* AppleInc */ = {
			isa = PBXNativeTarget;
			buildConfigurationList = A6557C192BBBE7A000E37425 /* Build configuration list for PBXNativeTarget "AppleInc" */;
			buildPhases = (
				A6557C022BBBE79F00E37425 /* Headers */,
				A6557C032BBBE79F00E37425 /* Sources */,
				A6557C042BBBE79F00E37425 /* Frameworks */,
				A6557C052BBBE79F00E37425 /* Resources */,
			);
			buildRules = (
			);
			dependencies = (
			);
			name = AppleInc;
			productName = AppleInc;
			productReference = A6557C072BBBE79F00E37425 /* AppleInc.framework */;
			productType = "com.apple.product-type.framework";
		};
		A6557C0E2BBBE79F00E37425 /* AppleIncTests */ = {
			isa = PBXNativeTarget;
			buildConfigurationList = A6557C1C2BBBE7A000E37425 /* Build configuration list for PBXNativeTarget "AppleIncTests" */;
			buildPhases = (
				A6557C0B2BBBE79F00E37425 /* Sources */,
				A6557C0C2BBBE79F00E37425 /* Frameworks */,
				A6557C0D2BBBE79F00E37425 /* Resources */,
			);
			buildRules = (
			);
			dependencies = (
				A6557C122BBBE79F00E37425 /* PBXTargetDependency */,
			);
			name = AppleIncTests;
			productName = AppleIncTests;
			productReference = A6557C0F2BBBE79F00E37425 /* AppleIncTests.xctest */;
			productType = "com.apple.product-type.bundle.unit-test";
		};
/* End PBXNativeTarget section */

/* Begin PBXProject section */
		A6557BFE2BBBE79F00E37425 /* Project object */ = {
			isa = PBXProject;
			attributes = {
				BuildIndependentTargetsInParallel = 1;
				LastSwiftUpdateCheck = 1420;
				LastUpgradeCheck = 1420;
				TargetAttributes = {
					A6557C062BBBE79F00E37425 = {
						CreatedOnToolsVersion = 14.2;
					};
					A6557C0E2BBBE79F00E37425 = {
						CreatedOnToolsVersion = 14.2;
					};
				};
			};
			buildConfigurationList = A6557C012BBBE79F00E37425 /* Build configuration list for PBXProject "AppleInc" */;
			compatibilityVersion = "Xcode 14.0";
			developmentRegion = en;
			hasScannedForEncodings = 0;
			knownRegions = (
				en,
				Base,
			);
			mainGroup = A6557BFD2BBBE79F00E37425;
			productRefGroup = A6557C082BBBE79F00E37425 /* Products */;
			projectDirPath = "";
			projectRoot = "";
			targets = (
				A6557C062BBBE79F00E37425 /* AppleInc */,
				A6557C0E2BBBE79F00E37425 /* AppleIncTests */,
			);
		};
/* End PBXProject section */

/* Begin PBXResourcesBuildPhase section */
		A6557C052BBBE79F00E37425 /* Resources */ = {
			isa = PBXResourcesBuildPhase;
			buildActionMask = 2147483647;
			files = (
			);
			runOnlyForDeploymentPostprocessing = 0;
		};
		A6557C0D2BBBE79F00E37425 /* Resources */ = {
			isa = PBXResourcesBuildPhase;
			buildActionMask = 2147483647;
			files = (
			);
			runOnlyForDeploymentPostprocessing = 0;
		};
/* End PBXResourcesBuildPhase section */

/* Begin PBXSourcesBuildPhase section */
		A6557C032BBBE79F00E37425 /* Sources */ = {
			isa = PBXSourcesBuildPhase;
			buildActionMask = 2147483647;
			files = (
			);
			runOnlyForDeploymentPostprocessing = 0;
		};
		A6557C0B2BBBE79F00E37425 /* Sources */ = {
			isa = PBXSourcesBuildPhase;
			buildActionMask = 2147483647;
			files = (
				A6557C152BBBE79F00E37425 /* AppleIncTests.swift in Sources */,
			);
			runOnlyForDeploymentPostprocessing = 0;
		};
/* End PBXSourcesBuildPhase section */

/* Begin PBXTargetDependency section */
		A6557C122BBBE79F00E37425 /* PBXTargetDependency */ = {
			isa = PBXTargetDependency;
			target = A6557C062BBBE79F00E37425 /* AppleInc */;
			targetProxy = A6557C112BBBE79F00E37425 /* PBXContainerItemProxy */;
		};
/* End PBXTargetDependency section */

/* Begin XCBuildConfiguration section */
		A6557C172BBBE7A000E37425 /* Debug */ = {
			isa = XCBuildConfiguration;
			buildSettings = {
				ALWAYS_SEARCH_USER_PATHS = NO;
				CLANG_ANALYZER_NONNULL = YES;
				CLANG_ANALYZER_NUMBER_OBJECT_CONVERSION = YES_AGGRESSIVE;
				CLANG_CXX_LANGUAGE_STANDARD = "gnu++20";
				CLANG_ENABLE_MODULES = YES;
				CLANG_ENABLE_OBJC_ARC = YES;
				CLANG_ENABLE_OBJC_WEAK = YES;
				CLANG_WARN_BLOCK_CAPTURE_AUTORELEASING = YES;
				CLANG_WARN_BOOL_CONVERSION = YES;
				CLANG_WARN_COMMA = YES;
				CLANG_WARN_CONSTANT_CONVERSION = YES;
				CLANG_WARN_DEPRECATED_OBJC_IMPLEMENTATIONS = YES;
				CLANG_WARN_DIRECT_OBJC_ISA_USAGE = YES_ERROR;
				CLANG_WARN_DOCUMENTATION_COMMENTS = YES;
				CLANG_WARN_EMPTY_BODY = YES;
				CLANG_WARN_ENUM_CONVERSION = YES;
				CLANG_WARN_INFINITE_RECURSION = YES;
				CLANG_WARN_INT_CONVERSION = YES;
				CLANG_WARN_NON_LITERAL_NULL_CONVERSION = YES;
				CLANG_WARN_OBJC_IMPLICIT_RETAIN_SELF = YES;
				CLANG_WARN_OBJC_LITERAL_CONVERSION = YES;
				CLANG_WARN_OBJC_ROOT_CLASS = YES_ERROR;
				CLANG_WARN_QUOTED_INCLUDE_IN_FRAMEWORK_HEADER = YES;
				CLANG_WARN_RANGE_LOOP_ANALYSIS = YES;
				CLANG_WARN_STRICT_PROTOTYPES = YES;
				CLANG_WARN_SUSPICIOUS_MOVE = YES;
				CLANG_WARN_UNGUARDED_AVAILABILITY = YES_AGGRESSIVE;
				CLANG_WARN_UNREACHABLE_CODE = YES;
				CLANG_WARN__DUPLICATE_METHOD_MATCH = YES;
				COPY_PHASE_STRIP = NO;
				CURRENT_PROJECT_VERSION = 1;
				DEBUG_INFORMATION_FORMAT = dwarf;
				ENABLE_STRICT_OBJC_MSGSEND = YES;
				ENABLE_TESTABILITY = YES;
				GCC_C_LANGUAGE_STANDARD = gnu11;
				GCC_DYNAMIC_NO_PIC = NO;
				GCC_NO_COMMON_BLOCKS = YES;
				GCC_OPTIMIZATION_LEVEL = 0;
				GCC_PREPROCESSOR_DEFINITIONS = (
					"DEBUG=1",
					"$(inherited)",
				);
				GCC_WARN_64_TO_32_BIT_CONVERSION = YES;
				GCC_WARN_ABOUT_RETURN_TYPE = YES_ERROR;
				GCC_WARN_UNDECLARED_SELECTOR = YES;
				GCC_WARN_UNINITIALIZED_AUTOS = YES_AGGRESSIVE;
				GCC_WARN_UNUSED_FUNCTION = YES;
				GCC_WARN_UNUSED_VARIABLE = YES;
				MTL_ENABLE_DEBUG_INFO = INCLUDE_SOURCE;
				MTL_FAST_MATH = YES;
				ONLY_ACTIVE_ARCH = YES;
				SWIFT_ACTIVE_COMPILATION_CONDITIONS = DEBUG;
				SWIFT_OPTIMIZATION_LEVEL = "-Onone";
				VERSIONING_SYSTEM = "apple-generic";
				VERSION_INFO_PREFIX = "";
			};
			name = Debug;
		};
		A6557C182BBBE7A000E37425 /* Release */ = {
			isa = XCBuildConfiguration;
			buildSettings = {
				ALWAYS_SEARCH_USER_PATHS = NO;
				CLANG_ANALYZER_NONNULL = YES;
				CLANG_ANALYZER_NUMBER_OBJECT_CONVERSION = YES_AGGRESSIVE;
				CLANG_CXX_LANGUAGE_STANDARD = "gnu++20";
				CLANG_ENABLE_MODULES = YES;
				CLANG_ENABLE_OBJC_ARC = YES;
				CLANG_ENABLE_OBJC_WEAK = YES;
				CLANG_WARN_BLOCK_CAPTURE_AUTORELEASING = YES;
				CLANG_WARN_BOOL_CONVERSION = YES;
				CLANG_WARN_COMMA = YES;
				CLANG_WARN_CONSTANT_CONVERSION = YES;
				CLANG_WARN_DEPRECATED_OBJC_IMPLEMENTATIONS = YES;
				CLANG_WARN_DIRECT_OBJC_ISA_USAGE = YES_ERROR;
				CLANG_WARN_DOCUMENTATION_COMMENTS = YES;
				CLANG_WARN_EMPTY_BODY = YES;
				CLANG_WARN_ENUM_CONVERSION = YES;
				CLANG_WARN_INFINITE_RECURSION = YES;
				CLANG_WARN_INT_CONVERSION = YES;
				CLANG_WARN_NON_LITERAL_NULL_CONVERSION = YES;
				CLANG_WARN_OBJC_IMPLICIT_RETAIN_SELF = YES;
				CLANG_WARN_OBJC_LITERAL_CONVERSION = YES;
				CLANG_WARN_OBJC_ROOT_CLASS = YES_ERROR;
				CLANG_WARN_QUOTED_INCLUDE_IN_FRAMEWORK_HEADER = YES;
				CLANG_WARN_RANGE_LOOP_ANALYSIS = YES;
				CLANG_WARN_STRICT_PROTOTYPES = YES;
				CLANG_WARN_SUSPICIOUS_MOVE = YES;
				CLANG_WARN_UNGUARDED_AVAILABILITY = YES_AGGRESSIVE;
				CLANG_WARN_UNREACHABLE_CODE = YES;
				CLANG_WARN__DUPLICATE_METHOD_MATCH = YES;
				COPY_PHASE_STRIP = NO;
				CURRENT_PROJECT_VERSION = 1;
				DEBUG_INFORMATION_FORMAT = "dwarf-with-dsym";
				ENABLE_NS_ASSERTIONS = NO;
				ENABLE_STRICT_OBJC_MSGSEND = YES;
				GCC_C_LANGUAGE_STANDARD = gnu11;
				GCC_NO_COMMON_BLOCKS = YES;
				GCC_WARN_64_TO_32_BIT_CONVERSION = YES;
				GCC_WARN_ABOUT_RETURN_TYPE = YES_ERROR;
				GCC_WARN_UNDECLARED_SELECTOR = YES;
				GCC_WARN_UNINITIALIZED_AUTOS = YES_AGGRESSIVE;
				GCC_WARN_UNUSED_FUNCTION = YES;
				GCC_WARN_UNUSED_VARIABLE = YES;
				MTL_ENABLE_DEBUG_INFO = NO;
				MTL_FAST_MATH = YES;
				SWIFT_COMPILATION_MODE = wholemodule;
				SWIFT_OPTIMIZATION_LEVEL = "-O";
				VERSIONING_SYSTEM = "apple-generic";
				VERSION_INFO_PREFIX = "";
			};
			name = Release;
		};
		A6557C1A2BBBE7A000E37425 /* Debug */ = {
			isa = XCBuildConfiguration;
			buildSettings = {
				CODE_SIGN_STYLE = Automatic;
				CURRENT_PROJECT_VERSION = 1;
				DEFINES_MODULE = YES;
				DYLIB_COMPATIBILITY_VERSION = 1;
				DYLIB_CURRENT_VERSION = 1;
				DYLIB_INSTALL_NAME_BASE = "@rpath";
				GENERATE_INFOPLIST_FILE = YES;
				INFOPLIST_KEY_NSHumanReadableCopyright = "";
				INSTALL_PATH = "$(LOCAL_LIBRARY_DIR)/Frameworks";
				IPHONEOS_DEPLOYMENT_TARGET = 16.2;
				LD_RUNPATH_SEARCH_PATHS = (
					"@executable_path/Frameworks",
					"@loader_path/Frameworks",
				);
				"LD_RUNPATH_SEARCH_PATHS[sdk=macosx*]" = (
					"@executable_path/../Frameworks",
					"@loader_path/Frameworks",
				);
				MACOSX_DEPLOYMENT_TARGET = 12.7;
				MARKETING_VERSION = 1.0;
				PRODUCT_BUNDLE_IDENTIFIER = com.keefmoon.AppleInc;
				PRODUCT_NAME = "$(TARGET_NAME:c99extidentifier)";
				SDKROOT = auto;
				SKIP_INSTALL = YES;
				SUPPORTED_PLATFORMS = "iphoneos iphonesimulator macosx";
				SWIFT_EMIT_LOC_STRINGS = YES;
				SWIFT_VERSION = 5.0;
				TARGETED_DEVICE_FAMILY = "1,2";
			};
			name = Debug;
		};
		A6557C1B2BBBE7A000E37425 /* Release */ = {
			isa = XCBuildConfiguration;
			buildSettings = {
				CODE_SIGN_STYLE = Automatic;
				CURRENT_PROJECT_VERSION = 1;
				DEFINES_MODULE = YES;
				DYLIB_COMPATIBILITY_VERSION = 1;
				DYLIB_CURRENT_VERSION = 1;
				DYLIB_INSTALL_NAME_BASE = "@rpath";
				GENERATE_INFOPLIST_FILE = YES;
				INFOPLIST_KEY_NSHumanReadableCopyright = "";
				INSTALL_PATH = "$(LOCAL_LIBRARY_DIR)/Frameworks";
				IPHONEOS_DEPLOYMENT_TARGET = 16.2;
				LD_RUNPATH_SEARCH_PATHS = (
					"@executable_path/Frameworks",
					"@loader_path/Frameworks",
				);
				"LD_RUNPATH_SEARCH_PATHS[sdk=macosx*]" = (
					"@executable_path/../Frameworks",
					"@loader_path/Frameworks",
				);
				MACOSX_DEPLOYMENT_TARGET = 12.7;
				MARKETING_VERSION = 1.0;
				PRODUCT_BUNDLE_IDENTIFIER = com.keefmoon.AppleInc;
				PRODUCT_NAME = "$(TARGET_NAME:c99extidentifier)";
				SDKROOT = auto;
				SKIP_INSTALL = YES;
				SUPPORTED_PLATFORMS = "iphoneos iphonesimulator macosx";
				SWIFT_EMIT_LOC_STRINGS = YES;
				SWIFT_VERSION = 5.0;
				TARGETED_DEVICE_FAMILY = "1,2";
			};
			name = Release;
		};
		A6557C1D2BBBE7A000E37425 /* Debug */ = {
			isa = XCBuildConfiguration;
			buildSettings = {
				CODE_SIGN_STYLE = Automatic;
				CURRENT_PROJECT_VERSION = 1;
				GENERATE_INFOPLIST_FILE = YES;
				IPHONEOS_DEPLOYMENT_TARGET = 16.2;
				MACOSX_DEPLOYMENT_TARGET = 12.7;
				MARKETING_VERSION = 1.0;
				PRODUCT_BUNDLE_IDENTIFIER = com.keefmoon.AppleIncTests;
				PRODUCT_NAME = "$(TARGET_NAME)";
				SDKROOT = auto;
				SUPPORTED_PLATFORMS = "iphoneos iphonesimulator macosx";
				SWIFT_EMIT_LOC_STRINGS = NO;
				SWIFT_VERSION = 5.0;
				TARGETED_DEVICE_FAMILY = "1,2";
			};
			name = Debug;
		};
		A6557C1E2BBBE7A000E37425 /* Release */ = {
			isa = XCBuildConfiguration;
			buildSettings = {
				CODE_SIGN_STYLE = Automatic;
				CURRENT_PROJECT_VERSION = 1;
				GENERATE_INFOPLIST_FILE = YES;
				IPHONEOS_DEPLOYMENT_TARGET = 16.2;
				MACOSX_DEPLOYMENT_TARGET = 12.7;
				MARKETING_VERSION = 1.0;
				PRODUCT_BUNDLE_IDENTIFIER = com.keefmoon.AppleIncTests;
				PRODUCT_NAME = "$(TARGET_NAME)";
				SDKROOT = auto;
				SUPPORTED_PLATFORMS = "iphoneos iphonesimulator macosx";
				SWIFT_EMIT_LOC_STRINGS = NO;
				SWIFT_VERSION = 5.0;
				TARGETED_DEVICE_FAMILY = "1,2";
			};
			name = Release;
		};
/* End XCBuildConfiguration section */

/* Begin XCConfigurationList section */
		A6557C012BBBE79F00E37425 /* Build configuration list for PBXProject "AppleInc" */ = {
			isa = XCConfigurationList;
			buildConfigurations = (
				A6557C172BBBE7A000E37425 /* Debug */,
				A6557C182BBBE7A000E37425 /* Release */,
			);
			defaultConfigurationIsVisible = 0;
			defaultConfigurationName = Release;
		};
		A6557C192BBBE7A000E37425 /* Build configuration list for PBXNativeTarget "AppleInc" */ = {
			isa = XCConfigurationList;
			buildConfigurations = (
				A6557C1A2BBBE7A000E37425 /* Debug */,
				A6557C1B2BBBE7A000E37425 /* Release */,
			);
			defaultConfigurationIsVisible = 0;
			defaultConfigurationName = Release;
		};
		A6557C1C2BBBE7A000E37425 /* Build configuration list for PBXNativeTarget "AppleIncTests" */ = {
			isa = XCConfigurationList;
			buildConfigurations = (
				A6557C1D2BBBE7A000E37425 /* Debug */,
				A6557C1E2BBBE7A000E37425 /* Release */,
			);
			defaultConfigurationIsVisible = 0;
			defaultConfigurationName = Release;
		};
/* End XCConfigurationList section */
	};
	rootObject = A6557BFE2BBBE79F00E37425 /* Project object */;
}
