// !$*UTF8*$!
{
	archiveVersion = 1;
	classes = {
	};
	objectVersion = 56;
	objects = {

/* Begin PBXBuildFile section */
<<<<<<< HEAD
		3C9CA4132BBE969400EEFE51 /* AppDelegate.swift in Sources */ = {isa = PBXBuildFile; fileRef = 3C9CA4122BBE969400EEFE51 /* AppDelegate.swift */; };
		3C9CA4152BBE969400EEFE51 /* SceneDelegate.swift in Sources */ = {isa = PBXBuildFile; fileRef = 3C9CA4142BBE969400EEFE51 /* SceneDelegate.swift */; };
		3C9CA4172BBE969400EEFE51 /* ViewController.swift in Sources */ = {isa = PBXBuildFile; fileRef = 3C9CA4162BBE969400EEFE51 /* ViewController.swift */; };
		3C9CA41A2BBE969400EEFE51 /* Base in Resources */ = {isa = PBXBuildFile; fileRef = 3C9CA4192BBE969400EEFE51 /* Base */; };
		3C9CA41C2BBE969600EEFE51 /* Assets.xcassets in Resources */ = {isa = PBXBuildFile; fileRef = 3C9CA41B2BBE969600EEFE51 /* Assets.xcassets */; };
		3C9CA41F2BBE969600EEFE51 /* Base in Resources */ = {isa = PBXBuildFile; fileRef = 3C9CA41E2BBE969600EEFE51 /* Base */; };
		3C9CA42A2BBE969700EEFE51 /* CocoaTouchTests.swift in Sources */ = {isa = PBXBuildFile; fileRef = 3C9CA4292BBE969700EEFE51 /* CocoaTouchTests.swift */; };
		3C9CA4342BBE969700EEFE51 /* CocoaTouchUITests.swift in Sources */ = {isa = PBXBuildFile; fileRef = 3C9CA4332BBE969700EEFE51 /* CocoaTouchUITests.swift */; };
		3C9CA4362BBE969700EEFE51 /* CocoaTouchUITestsLaunchTests.swift in Sources */ = {isa = PBXBuildFile; fileRef = 3C9CA4352BBE969700EEFE51 /* CocoaTouchUITestsLaunchTests.swift */; };
		3C9CA4432BBE9BAA00EEFE51 /* ReposTableViewController.swift in Sources */ = {isa = PBXBuildFile; fileRef = 3C9CA4422BBE9BAA00EEFE51 /* ReposTableViewController.swift */; };
/* End PBXBuildFile section */

/* Begin PBXContainerItemProxy section */
		3C9CA4262BBE969700EEFE51 /* PBXContainerItemProxy */ = {
			isa = PBXContainerItemProxy;
			containerPortal = 3C9CA4072BBE969400EEFE51 /* Project object */;
			proxyType = 1;
			remoteGlobalIDString = 3C9CA40E2BBE969400EEFE51;
			remoteInfo = CocoaTouch;
		};
		3C9CA4302BBE969700EEFE51 /* PBXContainerItemProxy */ = {
			isa = PBXContainerItemProxy;
			containerPortal = 3C9CA4072BBE969400EEFE51 /* Project object */;
			proxyType = 1;
			remoteGlobalIDString = 3C9CA40E2BBE969400EEFE51;
=======
		37C4DC5E2BBF789900496504 /* AppDelegate.swift in Sources */ = {isa = PBXBuildFile; fileRef = 37C4DC5D2BBF789900496504 /* AppDelegate.swift */; };
		37C4DC602BBF789900496504 /* SceneDelegate.swift in Sources */ = {isa = PBXBuildFile; fileRef = 37C4DC5F2BBF789900496504 /* SceneDelegate.swift */; };
		37C4DC622BBF789900496504 /* ViewController.swift in Sources */ = {isa = PBXBuildFile; fileRef = 37C4DC612BBF789900496504 /* ViewController.swift */; };
		37C4DC652BBF789900496504 /* Base in Resources */ = {isa = PBXBuildFile; fileRef = 37C4DC642BBF789900496504 /* Base */; };
		37C4DC672BBF789A00496504 /* Assets.xcassets in Resources */ = {isa = PBXBuildFile; fileRef = 37C4DC662BBF789A00496504 /* Assets.xcassets */; };
		37C4DC6A2BBF789A00496504 /* Base in Resources */ = {isa = PBXBuildFile; fileRef = 37C4DC692BBF789A00496504 /* Base */; };
		37C4DC752BBF789B00496504 /* CocoaTouchTests.swift in Sources */ = {isa = PBXBuildFile; fileRef = 37C4DC742BBF789B00496504 /* CocoaTouchTests.swift */; };
		37C4DC7F2BBF789B00496504 /* CocoaTouchUITests.swift in Sources */ = {isa = PBXBuildFile; fileRef = 37C4DC7E2BBF789B00496504 /* CocoaTouchUITests.swift */; };
		37C4DC812BBF789B00496504 /* CocoaTouchUITestsLaunchTests.swift in Sources */ = {isa = PBXBuildFile; fileRef = 37C4DC802BBF789B00496504 /* CocoaTouchUITestsLaunchTests.swift */; };
		37C4DCA32BBF795500496504 /* ReposTableViewController.swift in Sources */ = {isa = PBXBuildFile; fileRef = 37C4DCA22BBF795500496504 /* ReposTableViewController.swift */; };
		37C4DCA52BBFCEFC00496504 /* mock_Data.json in Resources */ = {isa = PBXBuildFile; fileRef = 37C4DCA42BBFCEFC00496504 /* mock_Data.json */; };
/* End PBXBuildFile section */

/* Begin PBXContainerItemProxy section */
		37C4DC712BBF789B00496504 /* PBXContainerItemProxy */ = {
			isa = PBXContainerItemProxy;
			containerPortal = 37C4DC522BBF789900496504 /* Project object */;
			proxyType = 1;
			remoteGlobalIDString = 37C4DC592BBF789900496504;
			remoteInfo = CocoaTouch;
		};
		37C4DC7B2BBF789B00496504 /* PBXContainerItemProxy */ = {
			isa = PBXContainerItemProxy;
			containerPortal = 37C4DC522BBF789900496504 /* Project object */;
			proxyType = 1;
			remoteGlobalIDString = 37C4DC592BBF789900496504;
>>>>>>> main
			remoteInfo = CocoaTouch;
		};
/* End PBXContainerItemProxy section */

/* Begin PBXFileReference section */
<<<<<<< HEAD
		3C9CA40F2BBE969400EEFE51 /* CocoaTouch.app */ = {isa = PBXFileReference; explicitFileType = wrapper.application; includeInIndex = 0; path = CocoaTouch.app; sourceTree = BUILT_PRODUCTS_DIR; };
		3C9CA4122BBE969400EEFE51 /* AppDelegate.swift */ = {isa = PBXFileReference; lastKnownFileType = sourcecode.swift; path = AppDelegate.swift; sourceTree = "<group>"; };
		3C9CA4142BBE969400EEFE51 /* SceneDelegate.swift */ = {isa = PBXFileReference; lastKnownFileType = sourcecode.swift; path = SceneDelegate.swift; sourceTree = "<group>"; };
		3C9CA4162BBE969400EEFE51 /* ViewController.swift */ = {isa = PBXFileReference; lastKnownFileType = sourcecode.swift; path = ViewController.swift; sourceTree = "<group>"; };
		3C9CA4192BBE969400EEFE51 /* Base */ = {isa = PBXFileReference; lastKnownFileType = file.storyboard; name = Base; path = Base.lproj/Main.storyboard; sourceTree = "<group>"; };
		3C9CA41B2BBE969600EEFE51 /* Assets.xcassets */ = {isa = PBXFileReference; lastKnownFileType = folder.assetcatalog; path = Assets.xcassets; sourceTree = "<group>"; };
		3C9CA41E2BBE969600EEFE51 /* Base */ = {isa = PBXFileReference; lastKnownFileType = file.storyboard; name = Base; path = Base.lproj/LaunchScreen.storyboard; sourceTree = "<group>"; };
		3C9CA4202BBE969600EEFE51 /* Info.plist */ = {isa = PBXFileReference; lastKnownFileType = text.plist.xml; path = Info.plist; sourceTree = "<group>"; };
		3C9CA4252BBE969700EEFE51 /* CocoaTouchTests.xctest */ = {isa = PBXFileReference; explicitFileType = wrapper.cfbundle; includeInIndex = 0; path = CocoaTouchTests.xctest; sourceTree = BUILT_PRODUCTS_DIR; };
		3C9CA4292BBE969700EEFE51 /* CocoaTouchTests.swift */ = {isa = PBXFileReference; lastKnownFileType = sourcecode.swift; path = CocoaTouchTests.swift; sourceTree = "<group>"; };
		3C9CA42F2BBE969700EEFE51 /* CocoaTouchUITests.xctest */ = {isa = PBXFileReference; explicitFileType = wrapper.cfbundle; includeInIndex = 0; path = CocoaTouchUITests.xctest; sourceTree = BUILT_PRODUCTS_DIR; };
		3C9CA4332BBE969700EEFE51 /* CocoaTouchUITests.swift */ = {isa = PBXFileReference; lastKnownFileType = sourcecode.swift; path = CocoaTouchUITests.swift; sourceTree = "<group>"; };
		3C9CA4352BBE969700EEFE51 /* CocoaTouchUITestsLaunchTests.swift */ = {isa = PBXFileReference; lastKnownFileType = sourcecode.swift; path = CocoaTouchUITestsLaunchTests.swift; sourceTree = "<group>"; };
		3C9CA4422BBE9BAA00EEFE51 /* ReposTableViewController.swift */ = {isa = PBXFileReference; lastKnownFileType = sourcecode.swift; path = ReposTableViewController.swift; sourceTree = "<group>"; };
/* End PBXFileReference section */

/* Begin PBXFrameworksBuildPhase section */
		3C9CA40C2BBE969400EEFE51 /* Frameworks */ = {
=======
		37C4DC5A2BBF789900496504 /* CocoaTouch.app */ = {isa = PBXFileReference; explicitFileType = wrapper.application; includeInIndex = 0; path = CocoaTouch.app; sourceTree = BUILT_PRODUCTS_DIR; };
		37C4DC5D2BBF789900496504 /* AppDelegate.swift */ = {isa = PBXFileReference; lastKnownFileType = sourcecode.swift; path = AppDelegate.swift; sourceTree = "<group>"; };
		37C4DC5F2BBF789900496504 /* SceneDelegate.swift */ = {isa = PBXFileReference; lastKnownFileType = sourcecode.swift; path = SceneDelegate.swift; sourceTree = "<group>"; };
		37C4DC612BBF789900496504 /* ViewController.swift */ = {isa = PBXFileReference; lastKnownFileType = sourcecode.swift; path = ViewController.swift; sourceTree = "<group>"; };
		37C4DC642BBF789900496504 /* Base */ = {isa = PBXFileReference; lastKnownFileType = file.storyboard; name = Base; path = Base.lproj/Main.storyboard; sourceTree = "<group>"; };
		37C4DC662BBF789A00496504 /* Assets.xcassets */ = {isa = PBXFileReference; lastKnownFileType = folder.assetcatalog; path = Assets.xcassets; sourceTree = "<group>"; };
		37C4DC692BBF789A00496504 /* Base */ = {isa = PBXFileReference; lastKnownFileType = file.storyboard; name = Base; path = Base.lproj/LaunchScreen.storyboard; sourceTree = "<group>"; };
		37C4DC6B2BBF789A00496504 /* Info.plist */ = {isa = PBXFileReference; lastKnownFileType = text.plist.xml; path = Info.plist; sourceTree = "<group>"; };
		37C4DC702BBF789B00496504 /* CocoaTouchTests.xctest */ = {isa = PBXFileReference; explicitFileType = wrapper.cfbundle; includeInIndex = 0; path = CocoaTouchTests.xctest; sourceTree = BUILT_PRODUCTS_DIR; };
		37C4DC742BBF789B00496504 /* CocoaTouchTests.swift */ = {isa = PBXFileReference; lastKnownFileType = sourcecode.swift; path = CocoaTouchTests.swift; sourceTree = "<group>"; };
		37C4DC7A2BBF789B00496504 /* CocoaTouchUITests.xctest */ = {isa = PBXFileReference; explicitFileType = wrapper.cfbundle; includeInIndex = 0; path = CocoaTouchUITests.xctest; sourceTree = BUILT_PRODUCTS_DIR; };
		37C4DC7E2BBF789B00496504 /* CocoaTouchUITests.swift */ = {isa = PBXFileReference; lastKnownFileType = sourcecode.swift; path = CocoaTouchUITests.swift; sourceTree = "<group>"; };
		37C4DC802BBF789B00496504 /* CocoaTouchUITestsLaunchTests.swift */ = {isa = PBXFileReference; lastKnownFileType = sourcecode.swift; path = CocoaTouchUITestsLaunchTests.swift; sourceTree = "<group>"; };
		37C4DCA22BBF795500496504 /* ReposTableViewController.swift */ = {isa = PBXFileReference; lastKnownFileType = sourcecode.swift; path = ReposTableViewController.swift; sourceTree = "<group>"; };
		37C4DCA42BBFCEFC00496504 /* mock_Data.json */ = {isa = PBXFileReference; lastKnownFileType = text.json; path = mock_Data.json; sourceTree = "<group>"; };
/* End PBXFileReference section */

/* Begin PBXFrameworksBuildPhase section */
		37C4DC572BBF789900496504 /* Frameworks */ = {
>>>>>>> main
			isa = PBXFrameworksBuildPhase;
			buildActionMask = 2147483647;
			files = (
			);
			runOnlyForDeploymentPostprocessing = 0;
		};
<<<<<<< HEAD
		3C9CA4222BBE969700EEFE51 /* Frameworks */ = {
=======
		37C4DC6D2BBF789B00496504 /* Frameworks */ = {
>>>>>>> main
			isa = PBXFrameworksBuildPhase;
			buildActionMask = 2147483647;
			files = (
			);
			runOnlyForDeploymentPostprocessing = 0;
		};
<<<<<<< HEAD
		3C9CA42C2BBE969700EEFE51 /* Frameworks */ = {
=======
		37C4DC772BBF789B00496504 /* Frameworks */ = {
>>>>>>> main
			isa = PBXFrameworksBuildPhase;
			buildActionMask = 2147483647;
			files = (
			);
			runOnlyForDeploymentPostprocessing = 0;
		};
/* End PBXFrameworksBuildPhase section */

/* Begin PBXGroup section */
<<<<<<< HEAD
		3C9CA4062BBE969400EEFE51 = {
			isa = PBXGroup;
			children = (
				3C9CA4112BBE969400EEFE51 /* CocoaTouch */,
				3C9CA4282BBE969700EEFE51 /* CocoaTouchTests */,
				3C9CA4322BBE969700EEFE51 /* CocoaTouchUITests */,
				3C9CA4102BBE969400EEFE51 /* Products */,
			);
			sourceTree = "<group>";
		};
		3C9CA4102BBE969400EEFE51 /* Products */ = {
			isa = PBXGroup;
			children = (
				3C9CA40F2BBE969400EEFE51 /* CocoaTouch.app */,
				3C9CA4252BBE969700EEFE51 /* CocoaTouchTests.xctest */,
				3C9CA42F2BBE969700EEFE51 /* CocoaTouchUITests.xctest */,
=======
		37C4DC512BBF789900496504 = {
			isa = PBXGroup;
			children = (
				37C4DCA42BBFCEFC00496504 /* mock_Data.json */,
				37C4DC5C2BBF789900496504 /* CocoaTouch */,
				37C4DC732BBF789B00496504 /* CocoaTouchTests */,
				37C4DC7D2BBF789B00496504 /* CocoaTouchUITests */,
				37C4DC5B2BBF789900496504 /* Products */,
			);
			sourceTree = "<group>";
		};
		37C4DC5B2BBF789900496504 /* Products */ = {
			isa = PBXGroup;
			children = (
				37C4DC5A2BBF789900496504 /* CocoaTouch.app */,
				37C4DC702BBF789B00496504 /* CocoaTouchTests.xctest */,
				37C4DC7A2BBF789B00496504 /* CocoaTouchUITests.xctest */,
>>>>>>> main
			);
			name = Products;
			sourceTree = "<group>";
		};
<<<<<<< HEAD
		3C9CA4112BBE969400EEFE51 /* CocoaTouch */ = {
			isa = PBXGroup;
			children = (
				3C9CA4122BBE969400EEFE51 /* AppDelegate.swift */,
				3C9CA4142BBE969400EEFE51 /* SceneDelegate.swift */,
				3C9CA4162BBE969400EEFE51 /* ViewController.swift */,
				3C9CA4182BBE969400EEFE51 /* Main.storyboard */,
				3C9CA4422BBE9BAA00EEFE51 /* ReposTableViewController.swift */,
				3C9CA41B2BBE969600EEFE51 /* Assets.xcassets */,
				3C9CA41D2BBE969600EEFE51 /* LaunchScreen.storyboard */,
				3C9CA4202BBE969600EEFE51 /* Info.plist */,
=======
		37C4DC5C2BBF789900496504 /* CocoaTouch */ = {
			isa = PBXGroup;
			children = (
				37C4DC5D2BBF789900496504 /* AppDelegate.swift */,
				37C4DC5F2BBF789900496504 /* SceneDelegate.swift */,
				37C4DC612BBF789900496504 /* ViewController.swift */,
				37C4DC632BBF789900496504 /* Main.storyboard */,
				37C4DC662BBF789A00496504 /* Assets.xcassets */,
				37C4DC682BBF789A00496504 /* LaunchScreen.storyboard */,
				37C4DC6B2BBF789A00496504 /* Info.plist */,
				37C4DCA22BBF795500496504 /* ReposTableViewController.swift */,
>>>>>>> main
			);
			path = CocoaTouch;
			sourceTree = "<group>";
		};
<<<<<<< HEAD
		3C9CA4282BBE969700EEFE51 /* CocoaTouchTests */ = {
			isa = PBXGroup;
			children = (
				3C9CA4292BBE969700EEFE51 /* CocoaTouchTests.swift */,
=======
		37C4DC732BBF789B00496504 /* CocoaTouchTests */ = {
			isa = PBXGroup;
			children = (
				37C4DC742BBF789B00496504 /* CocoaTouchTests.swift */,
>>>>>>> main
			);
			path = CocoaTouchTests;
			sourceTree = "<group>";
		};
<<<<<<< HEAD
		3C9CA4322BBE969700EEFE51 /* CocoaTouchUITests */ = {
			isa = PBXGroup;
			children = (
				3C9CA4332BBE969700EEFE51 /* CocoaTouchUITests.swift */,
				3C9CA4352BBE969700EEFE51 /* CocoaTouchUITestsLaunchTests.swift */,
=======
		37C4DC7D2BBF789B00496504 /* CocoaTouchUITests */ = {
			isa = PBXGroup;
			children = (
				37C4DC7E2BBF789B00496504 /* CocoaTouchUITests.swift */,
				37C4DC802BBF789B00496504 /* CocoaTouchUITestsLaunchTests.swift */,
>>>>>>> main
			);
			path = CocoaTouchUITests;
			sourceTree = "<group>";
		};
/* End PBXGroup section */

/* Begin PBXNativeTarget section */
<<<<<<< HEAD
		3C9CA40E2BBE969400EEFE51 /* CocoaTouch */ = {
			isa = PBXNativeTarget;
			buildConfigurationList = 3C9CA4392BBE969700EEFE51 /* Build configuration list for PBXNativeTarget "CocoaTouch" */;
			buildPhases = (
				3C9CA40B2BBE969400EEFE51 /* Sources */,
				3C9CA40C2BBE969400EEFE51 /* Frameworks */,
				3C9CA40D2BBE969400EEFE51 /* Resources */,
=======
		37C4DC592BBF789900496504 /* CocoaTouch */ = {
			isa = PBXNativeTarget;
			buildConfigurationList = 37C4DC842BBF789B00496504 /* Build configuration list for PBXNativeTarget "CocoaTouch" */;
			buildPhases = (
				37C4DC562BBF789900496504 /* Sources */,
				37C4DC572BBF789900496504 /* Frameworks */,
				37C4DC582BBF789900496504 /* Resources */,
>>>>>>> main
			);
			buildRules = (
			);
			dependencies = (
			);
			name = CocoaTouch;
			productName = CocoaTouch;
<<<<<<< HEAD
			productReference = 3C9CA40F2BBE969400EEFE51 /* CocoaTouch.app */;
			productType = "com.apple.product-type.application";
		};
		3C9CA4242BBE969700EEFE51 /* CocoaTouchTests */ = {
			isa = PBXNativeTarget;
			buildConfigurationList = 3C9CA43C2BBE969700EEFE51 /* Build configuration list for PBXNativeTarget "CocoaTouchTests" */;
			buildPhases = (
				3C9CA4212BBE969700EEFE51 /* Sources */,
				3C9CA4222BBE969700EEFE51 /* Frameworks */,
				3C9CA4232BBE969700EEFE51 /* Resources */,
=======
			productReference = 37C4DC5A2BBF789900496504 /* CocoaTouch.app */;
			productType = "com.apple.product-type.application";
		};
		37C4DC6F2BBF789B00496504 /* CocoaTouchTests */ = {
			isa = PBXNativeTarget;
			buildConfigurationList = 37C4DC872BBF789B00496504 /* Build configuration list for PBXNativeTarget "CocoaTouchTests" */;
			buildPhases = (
				37C4DC6C2BBF789B00496504 /* Sources */,
				37C4DC6D2BBF789B00496504 /* Frameworks */,
				37C4DC6E2BBF789B00496504 /* Resources */,
>>>>>>> main
			);
			buildRules = (
			);
			dependencies = (
<<<<<<< HEAD
				3C9CA4272BBE969700EEFE51 /* PBXTargetDependency */,
			);
			name = CocoaTouchTests;
			productName = CocoaTouchTests;
			productReference = 3C9CA4252BBE969700EEFE51 /* CocoaTouchTests.xctest */;
			productType = "com.apple.product-type.bundle.unit-test";
		};
		3C9CA42E2BBE969700EEFE51 /* CocoaTouchUITests */ = {
			isa = PBXNativeTarget;
			buildConfigurationList = 3C9CA43F2BBE969700EEFE51 /* Build configuration list for PBXNativeTarget "CocoaTouchUITests" */;
			buildPhases = (
				3C9CA42B2BBE969700EEFE51 /* Sources */,
				3C9CA42C2BBE969700EEFE51 /* Frameworks */,
				3C9CA42D2BBE969700EEFE51 /* Resources */,
=======
				37C4DC722BBF789B00496504 /* PBXTargetDependency */,
			);
			name = CocoaTouchTests;
			productName = CocoaTouchTests;
			productReference = 37C4DC702BBF789B00496504 /* CocoaTouchTests.xctest */;
			productType = "com.apple.product-type.bundle.unit-test";
		};
		37C4DC792BBF789B00496504 /* CocoaTouchUITests */ = {
			isa = PBXNativeTarget;
			buildConfigurationList = 37C4DC8A2BBF789B00496504 /* Build configuration list for PBXNativeTarget "CocoaTouchUITests" */;
			buildPhases = (
				37C4DC762BBF789B00496504 /* Sources */,
				37C4DC772BBF789B00496504 /* Frameworks */,
				37C4DC782BBF789B00496504 /* Resources */,
>>>>>>> main
			);
			buildRules = (
			);
			dependencies = (
<<<<<<< HEAD
				3C9CA4312BBE969700EEFE51 /* PBXTargetDependency */,
			);
			name = CocoaTouchUITests;
			productName = CocoaTouchUITests;
			productReference = 3C9CA42F2BBE969700EEFE51 /* CocoaTouchUITests.xctest */;
=======
				37C4DC7C2BBF789B00496504 /* PBXTargetDependency */,
			);
			name = CocoaTouchUITests;
			productName = CocoaTouchUITests;
			productReference = 37C4DC7A2BBF789B00496504 /* CocoaTouchUITests.xctest */;
>>>>>>> main
			productType = "com.apple.product-type.bundle.ui-testing";
		};
/* End PBXNativeTarget section */

/* Begin PBXProject section */
<<<<<<< HEAD
		3C9CA4072BBE969400EEFE51 /* Project object */ = {
=======
		37C4DC522BBF789900496504 /* Project object */ = {
>>>>>>> main
			isa = PBXProject;
			attributes = {
				BuildIndependentTargetsInParallel = 1;
				LastSwiftUpdateCheck = 1530;
				LastUpgradeCheck = 1530;
				TargetAttributes = {
<<<<<<< HEAD
					3C9CA40E2BBE969400EEFE51 = {
						CreatedOnToolsVersion = 15.3;
					};
					3C9CA4242BBE969700EEFE51 = {
						CreatedOnToolsVersion = 15.3;
						TestTargetID = 3C9CA40E2BBE969400EEFE51;
					};
					3C9CA42E2BBE969700EEFE51 = {
						CreatedOnToolsVersion = 15.3;
						TestTargetID = 3C9CA40E2BBE969400EEFE51;
					};
				};
			};
			buildConfigurationList = 3C9CA40A2BBE969400EEFE51 /* Build configuration list for PBXProject "CocoaTouch" */;
=======
					37C4DC592BBF789900496504 = {
						CreatedOnToolsVersion = 15.3;
					};
					37C4DC6F2BBF789B00496504 = {
						CreatedOnToolsVersion = 15.3;
						TestTargetID = 37C4DC592BBF789900496504;
					};
					37C4DC792BBF789B00496504 = {
						CreatedOnToolsVersion = 15.3;
						TestTargetID = 37C4DC592BBF789900496504;
					};
				};
			};
			buildConfigurationList = 37C4DC552BBF789900496504 /* Build configuration list for PBXProject "CocoaTouch" */;
>>>>>>> main
			compatibilityVersion = "Xcode 14.0";
			developmentRegion = en;
			hasScannedForEncodings = 0;
			knownRegions = (
				en,
				Base,
			);
<<<<<<< HEAD
			mainGroup = 3C9CA4062BBE969400EEFE51;
			productRefGroup = 3C9CA4102BBE969400EEFE51 /* Products */;
			projectDirPath = "";
			projectRoot = "";
			targets = (
				3C9CA40E2BBE969400EEFE51 /* CocoaTouch */,
				3C9CA4242BBE969700EEFE51 /* CocoaTouchTests */,
				3C9CA42E2BBE969700EEFE51 /* CocoaTouchUITests */,
=======
			mainGroup = 37C4DC512BBF789900496504;
			productRefGroup = 37C4DC5B2BBF789900496504 /* Products */;
			projectDirPath = "";
			projectRoot = "";
			targets = (
				37C4DC592BBF789900496504 /* CocoaTouch */,
				37C4DC6F2BBF789B00496504 /* CocoaTouchTests */,
				37C4DC792BBF789B00496504 /* CocoaTouchUITests */,
>>>>>>> main
			);
		};
/* End PBXProject section */

/* Begin PBXResourcesBuildPhase section */
<<<<<<< HEAD
		3C9CA40D2BBE969400EEFE51 /* Resources */ = {
			isa = PBXResourcesBuildPhase;
			buildActionMask = 2147483647;
			files = (
				3C9CA41C2BBE969600EEFE51 /* Assets.xcassets in Resources */,
				3C9CA41F2BBE969600EEFE51 /* Base in Resources */,
				3C9CA41A2BBE969400EEFE51 /* Base in Resources */,
			);
			runOnlyForDeploymentPostprocessing = 0;
		};
		3C9CA4232BBE969700EEFE51 /* Resources */ = {
			isa = PBXResourcesBuildPhase;
			buildActionMask = 2147483647;
			files = (
			);
			runOnlyForDeploymentPostprocessing = 0;
		};
		3C9CA42D2BBE969700EEFE51 /* Resources */ = {
=======
		37C4DC582BBF789900496504 /* Resources */ = {
			isa = PBXResourcesBuildPhase;
			buildActionMask = 2147483647;
			files = (
				37C4DC672BBF789A00496504 /* Assets.xcassets in Resources */,
				37C4DC6A2BBF789A00496504 /* Base in Resources */,
				37C4DC652BBF789900496504 /* Base in Resources */,
			);
			runOnlyForDeploymentPostprocessing = 0;
		};
		37C4DC6E2BBF789B00496504 /* Resources */ = {
			isa = PBXResourcesBuildPhase;
			buildActionMask = 2147483647;
			files = (
				37C4DCA52BBFCEFC00496504 /* mock_Data.json in Resources */,
			);
			runOnlyForDeploymentPostprocessing = 0;
		};
		37C4DC782BBF789B00496504 /* Resources */ = {
>>>>>>> main
			isa = PBXResourcesBuildPhase;
			buildActionMask = 2147483647;
			files = (
			);
			runOnlyForDeploymentPostprocessing = 0;
		};
/* End PBXResourcesBuildPhase section */

/* Begin PBXSourcesBuildPhase section */
<<<<<<< HEAD
		3C9CA40B2BBE969400EEFE51 /* Sources */ = {
			isa = PBXSourcesBuildPhase;
			buildActionMask = 2147483647;
			files = (
				3C9CA4172BBE969400EEFE51 /* ViewController.swift in Sources */,
				3C9CA4432BBE9BAA00EEFE51 /* ReposTableViewController.swift in Sources */,
				3C9CA4132BBE969400EEFE51 /* AppDelegate.swift in Sources */,
				3C9CA4152BBE969400EEFE51 /* SceneDelegate.swift in Sources */,
			);
			runOnlyForDeploymentPostprocessing = 0;
		};
		3C9CA4212BBE969700EEFE51 /* Sources */ = {
			isa = PBXSourcesBuildPhase;
			buildActionMask = 2147483647;
			files = (
				3C9CA42A2BBE969700EEFE51 /* CocoaTouchTests.swift in Sources */,
			);
			runOnlyForDeploymentPostprocessing = 0;
		};
		3C9CA42B2BBE969700EEFE51 /* Sources */ = {
			isa = PBXSourcesBuildPhase;
			buildActionMask = 2147483647;
			files = (
				3C9CA4362BBE969700EEFE51 /* CocoaTouchUITestsLaunchTests.swift in Sources */,
				3C9CA4342BBE969700EEFE51 /* CocoaTouchUITests.swift in Sources */,
=======
		37C4DC562BBF789900496504 /* Sources */ = {
			isa = PBXSourcesBuildPhase;
			buildActionMask = 2147483647;
			files = (
				37C4DC622BBF789900496504 /* ViewController.swift in Sources */,
				37C4DCA32BBF795500496504 /* ReposTableViewController.swift in Sources */,
				37C4DC5E2BBF789900496504 /* AppDelegate.swift in Sources */,
				37C4DC602BBF789900496504 /* SceneDelegate.swift in Sources */,
			);
			runOnlyForDeploymentPostprocessing = 0;
		};
		37C4DC6C2BBF789B00496504 /* Sources */ = {
			isa = PBXSourcesBuildPhase;
			buildActionMask = 2147483647;
			files = (
				37C4DC752BBF789B00496504 /* CocoaTouchTests.swift in Sources */,
			);
			runOnlyForDeploymentPostprocessing = 0;
		};
		37C4DC762BBF789B00496504 /* Sources */ = {
			isa = PBXSourcesBuildPhase;
			buildActionMask = 2147483647;
			files = (
				37C4DC812BBF789B00496504 /* CocoaTouchUITestsLaunchTests.swift in Sources */,
				37C4DC7F2BBF789B00496504 /* CocoaTouchUITests.swift in Sources */,
>>>>>>> main
			);
			runOnlyForDeploymentPostprocessing = 0;
		};
/* End PBXSourcesBuildPhase section */

/* Begin PBXTargetDependency section */
<<<<<<< HEAD
		3C9CA4272BBE969700EEFE51 /* PBXTargetDependency */ = {
			isa = PBXTargetDependency;
			target = 3C9CA40E2BBE969400EEFE51 /* CocoaTouch */;
			targetProxy = 3C9CA4262BBE969700EEFE51 /* PBXContainerItemProxy */;
		};
		3C9CA4312BBE969700EEFE51 /* PBXTargetDependency */ = {
			isa = PBXTargetDependency;
			target = 3C9CA40E2BBE969400EEFE51 /* CocoaTouch */;
			targetProxy = 3C9CA4302BBE969700EEFE51 /* PBXContainerItemProxy */;
=======
		37C4DC722BBF789B00496504 /* PBXTargetDependency */ = {
			isa = PBXTargetDependency;
			target = 37C4DC592BBF789900496504 /* CocoaTouch */;
			targetProxy = 37C4DC712BBF789B00496504 /* PBXContainerItemProxy */;
		};
		37C4DC7C2BBF789B00496504 /* PBXTargetDependency */ = {
			isa = PBXTargetDependency;
			target = 37C4DC592BBF789900496504 /* CocoaTouch */;
			targetProxy = 37C4DC7B2BBF789B00496504 /* PBXContainerItemProxy */;
>>>>>>> main
		};
/* End PBXTargetDependency section */

/* Begin PBXVariantGroup section */
<<<<<<< HEAD
		3C9CA4182BBE969400EEFE51 /* Main.storyboard */ = {
			isa = PBXVariantGroup;
			children = (
				3C9CA4192BBE969400EEFE51 /* Base */,
=======
		37C4DC632BBF789900496504 /* Main.storyboard */ = {
			isa = PBXVariantGroup;
			children = (
				37C4DC642BBF789900496504 /* Base */,
>>>>>>> main
			);
			name = Main.storyboard;
			sourceTree = "<group>";
		};
<<<<<<< HEAD
		3C9CA41D2BBE969600EEFE51 /* LaunchScreen.storyboard */ = {
			isa = PBXVariantGroup;
			children = (
				3C9CA41E2BBE969600EEFE51 /* Base */,
=======
		37C4DC682BBF789A00496504 /* LaunchScreen.storyboard */ = {
			isa = PBXVariantGroup;
			children = (
				37C4DC692BBF789A00496504 /* Base */,
>>>>>>> main
			);
			name = LaunchScreen.storyboard;
			sourceTree = "<group>";
		};
/* End PBXVariantGroup section */

/* Begin XCBuildConfiguration section */
<<<<<<< HEAD
		3C9CA4372BBE969700EEFE51 /* Debug */ = {
=======
		37C4DC822BBF789B00496504 /* Debug */ = {
>>>>>>> main
			isa = XCBuildConfiguration;
			buildSettings = {
				ALWAYS_SEARCH_USER_PATHS = NO;
				ASSETCATALOG_COMPILER_GENERATE_SWIFT_ASSET_SYMBOL_EXTENSIONS = YES;
				CLANG_ANALYZER_NONNULL = YES;
				CLANG_ANALYZER_NUMBER_OBJECT_CONVERSION = YES_AGGRESSIVE;
				CLANG_CXX_LANGUAGE_STANDARD = "gnu++20";
				CLANG_ENABLE_MODULES = YES;
				CLANG_ENABLE_OBJC_ARC = YES;
				CLANG_ENABLE_OBJC_WEAK = YES;
				CLANG_WARN_BLOCK_CAPTURE_AUTORELEASING = YES;
				CLANG_WARN_BOOL_CONVERSION = YES;
				CLANG_WARN_COMMA = YES;
				CLANG_WARN_CONSTANT_CONVERSION = YES;
				CLANG_WARN_DEPRECATED_OBJC_IMPLEMENTATIONS = YES;
				CLANG_WARN_DIRECT_OBJC_ISA_USAGE = YES_ERROR;
				CLANG_WARN_DOCUMENTATION_COMMENTS = YES;
				CLANG_WARN_EMPTY_BODY = YES;
				CLANG_WARN_ENUM_CONVERSION = YES;
				CLANG_WARN_INFINITE_RECURSION = YES;
				CLANG_WARN_INT_CONVERSION = YES;
				CLANG_WARN_NON_LITERAL_NULL_CONVERSION = YES;
				CLANG_WARN_OBJC_IMPLICIT_RETAIN_SELF = YES;
				CLANG_WARN_OBJC_LITERAL_CONVERSION = YES;
				CLANG_WARN_OBJC_ROOT_CLASS = YES_ERROR;
				CLANG_WARN_QUOTED_INCLUDE_IN_FRAMEWORK_HEADER = YES;
				CLANG_WARN_RANGE_LOOP_ANALYSIS = YES;
				CLANG_WARN_STRICT_PROTOTYPES = YES;
				CLANG_WARN_SUSPICIOUS_MOVE = YES;
				CLANG_WARN_UNGUARDED_AVAILABILITY = YES_AGGRESSIVE;
				CLANG_WARN_UNREACHABLE_CODE = YES;
				CLANG_WARN__DUPLICATE_METHOD_MATCH = YES;
				COPY_PHASE_STRIP = NO;
				DEBUG_INFORMATION_FORMAT = dwarf;
				ENABLE_STRICT_OBJC_MSGSEND = YES;
				ENABLE_TESTABILITY = YES;
				ENABLE_USER_SCRIPT_SANDBOXING = YES;
				GCC_C_LANGUAGE_STANDARD = gnu17;
				GCC_DYNAMIC_NO_PIC = NO;
				GCC_NO_COMMON_BLOCKS = YES;
				GCC_OPTIMIZATION_LEVEL = 0;
				GCC_PREPROCESSOR_DEFINITIONS = (
					"DEBUG=1",
					"$(inherited)",
				);
				GCC_WARN_64_TO_32_BIT_CONVERSION = YES;
				GCC_WARN_ABOUT_RETURN_TYPE = YES_ERROR;
				GCC_WARN_UNDECLARED_SELECTOR = YES;
				GCC_WARN_UNINITIALIZED_AUTOS = YES_AGGRESSIVE;
				GCC_WARN_UNUSED_FUNCTION = YES;
				GCC_WARN_UNUSED_VARIABLE = YES;
				IPHONEOS_DEPLOYMENT_TARGET = 17.4;
				LOCALIZATION_PREFERS_STRING_CATALOGS = YES;
				MTL_ENABLE_DEBUG_INFO = INCLUDE_SOURCE;
				MTL_FAST_MATH = YES;
				ONLY_ACTIVE_ARCH = YES;
				SDKROOT = iphoneos;
				SWIFT_ACTIVE_COMPILATION_CONDITIONS = "DEBUG $(inherited)";
				SWIFT_OPTIMIZATION_LEVEL = "-Onone";
			};
			name = Debug;
		};
<<<<<<< HEAD
		3C9CA4382BBE969700EEFE51 /* Release */ = {
=======
		37C4DC832BBF789B00496504 /* Release */ = {
>>>>>>> main
			isa = XCBuildConfiguration;
			buildSettings = {
				ALWAYS_SEARCH_USER_PATHS = NO;
				ASSETCATALOG_COMPILER_GENERATE_SWIFT_ASSET_SYMBOL_EXTENSIONS = YES;
				CLANG_ANALYZER_NONNULL = YES;
				CLANG_ANALYZER_NUMBER_OBJECT_CONVERSION = YES_AGGRESSIVE;
				CLANG_CXX_LANGUAGE_STANDARD = "gnu++20";
				CLANG_ENABLE_MODULES = YES;
				CLANG_ENABLE_OBJC_ARC = YES;
				CLANG_ENABLE_OBJC_WEAK = YES;
				CLANG_WARN_BLOCK_CAPTURE_AUTORELEASING = YES;
				CLANG_WARN_BOOL_CONVERSION = YES;
				CLANG_WARN_COMMA = YES;
				CLANG_WARN_CONSTANT_CONVERSION = YES;
				CLANG_WARN_DEPRECATED_OBJC_IMPLEMENTATIONS = YES;
				CLANG_WARN_DIRECT_OBJC_ISA_USAGE = YES_ERROR;
				CLANG_WARN_DOCUMENTATION_COMMENTS = YES;
				CLANG_WARN_EMPTY_BODY = YES;
				CLANG_WARN_ENUM_CONVERSION = YES;
				CLANG_WARN_INFINITE_RECURSION = YES;
				CLANG_WARN_INT_CONVERSION = YES;
				CLANG_WARN_NON_LITERAL_NULL_CONVERSION = YES;
				CLANG_WARN_OBJC_IMPLICIT_RETAIN_SELF = YES;
				CLANG_WARN_OBJC_LITERAL_CONVERSION = YES;
				CLANG_WARN_OBJC_ROOT_CLASS = YES_ERROR;
				CLANG_WARN_QUOTED_INCLUDE_IN_FRAMEWORK_HEADER = YES;
				CLANG_WARN_RANGE_LOOP_ANALYSIS = YES;
				CLANG_WARN_STRICT_PROTOTYPES = YES;
				CLANG_WARN_SUSPICIOUS_MOVE = YES;
				CLANG_WARN_UNGUARDED_AVAILABILITY = YES_AGGRESSIVE;
				CLANG_WARN_UNREACHABLE_CODE = YES;
				CLANG_WARN__DUPLICATE_METHOD_MATCH = YES;
				COPY_PHASE_STRIP = NO;
				DEBUG_INFORMATION_FORMAT = "dwarf-with-dsym";
				ENABLE_NS_ASSERTIONS = NO;
				ENABLE_STRICT_OBJC_MSGSEND = YES;
				ENABLE_USER_SCRIPT_SANDBOXING = YES;
				GCC_C_LANGUAGE_STANDARD = gnu17;
				GCC_NO_COMMON_BLOCKS = YES;
				GCC_WARN_64_TO_32_BIT_CONVERSION = YES;
				GCC_WARN_ABOUT_RETURN_TYPE = YES_ERROR;
				GCC_WARN_UNDECLARED_SELECTOR = YES;
				GCC_WARN_UNINITIALIZED_AUTOS = YES_AGGRESSIVE;
				GCC_WARN_UNUSED_FUNCTION = YES;
				GCC_WARN_UNUSED_VARIABLE = YES;
				IPHONEOS_DEPLOYMENT_TARGET = 17.4;
				LOCALIZATION_PREFERS_STRING_CATALOGS = YES;
				MTL_ENABLE_DEBUG_INFO = NO;
				MTL_FAST_MATH = YES;
				SDKROOT = iphoneos;
				SWIFT_COMPILATION_MODE = wholemodule;
				VALIDATE_PRODUCT = YES;
			};
			name = Release;
		};
<<<<<<< HEAD
		3C9CA43A2BBE969700EEFE51 /* Debug */ = {
=======
		37C4DC852BBF789B00496504 /* Debug */ = {
>>>>>>> main
			isa = XCBuildConfiguration;
			buildSettings = {
				ASSETCATALOG_COMPILER_APPICON_NAME = AppIcon;
				ASSETCATALOG_COMPILER_GLOBAL_ACCENT_COLOR_NAME = AccentColor;
				CODE_SIGN_STYLE = Automatic;
				CURRENT_PROJECT_VERSION = 1;
				GENERATE_INFOPLIST_FILE = YES;
				INFOPLIST_FILE = CocoaTouch/Info.plist;
				INFOPLIST_KEY_UIApplicationSupportsIndirectInputEvents = YES;
				INFOPLIST_KEY_UILaunchStoryboardName = LaunchScreen;
				INFOPLIST_KEY_UIMainStoryboardFile = Main;
				INFOPLIST_KEY_UISupportedInterfaceOrientations_iPad = "UIInterfaceOrientationPortrait UIInterfaceOrientationPortraitUpsideDown UIInterfaceOrientationLandscapeLeft UIInterfaceOrientationLandscapeRight";
				INFOPLIST_KEY_UISupportedInterfaceOrientations_iPhone = "UIInterfaceOrientationPortrait UIInterfaceOrientationLandscapeLeft UIInterfaceOrientationLandscapeRight";
				LD_RUNPATH_SEARCH_PATHS = (
					"$(inherited)",
					"@executable_path/Frameworks",
				);
				MARKETING_VERSION = 1.0;
				PRODUCT_BUNDLE_IDENTIFIER = com.chrisbarker.CocoaTouch;
				PRODUCT_NAME = "$(TARGET_NAME)";
				SWIFT_EMIT_LOC_STRINGS = YES;
				SWIFT_VERSION = 5.0;
				TARGETED_DEVICE_FAMILY = "1,2";
			};
			name = Debug;
		};
<<<<<<< HEAD
		3C9CA43B2BBE969700EEFE51 /* Release */ = {
=======
		37C4DC862BBF789B00496504 /* Release */ = {
>>>>>>> main
			isa = XCBuildConfiguration;
			buildSettings = {
				ASSETCATALOG_COMPILER_APPICON_NAME = AppIcon;
				ASSETCATALOG_COMPILER_GLOBAL_ACCENT_COLOR_NAME = AccentColor;
				CODE_SIGN_STYLE = Automatic;
				CURRENT_PROJECT_VERSION = 1;
				GENERATE_INFOPLIST_FILE = YES;
				INFOPLIST_FILE = CocoaTouch/Info.plist;
				INFOPLIST_KEY_UIApplicationSupportsIndirectInputEvents = YES;
				INFOPLIST_KEY_UILaunchStoryboardName = LaunchScreen;
				INFOPLIST_KEY_UIMainStoryboardFile = Main;
				INFOPLIST_KEY_UISupportedInterfaceOrientations_iPad = "UIInterfaceOrientationPortrait UIInterfaceOrientationPortraitUpsideDown UIInterfaceOrientationLandscapeLeft UIInterfaceOrientationLandscapeRight";
				INFOPLIST_KEY_UISupportedInterfaceOrientations_iPhone = "UIInterfaceOrientationPortrait UIInterfaceOrientationLandscapeLeft UIInterfaceOrientationLandscapeRight";
				LD_RUNPATH_SEARCH_PATHS = (
					"$(inherited)",
					"@executable_path/Frameworks",
				);
				MARKETING_VERSION = 1.0;
				PRODUCT_BUNDLE_IDENTIFIER = com.chrisbarker.CocoaTouch;
				PRODUCT_NAME = "$(TARGET_NAME)";
				SWIFT_EMIT_LOC_STRINGS = YES;
				SWIFT_VERSION = 5.0;
				TARGETED_DEVICE_FAMILY = "1,2";
			};
			name = Release;
		};
<<<<<<< HEAD
		3C9CA43D2BBE969700EEFE51 /* Debug */ = {
=======
		37C4DC882BBF789B00496504 /* Debug */ = {
>>>>>>> main
			isa = XCBuildConfiguration;
			buildSettings = {
				ALWAYS_EMBED_SWIFT_STANDARD_LIBRARIES = YES;
				BUNDLE_LOADER = "$(TEST_HOST)";
				CODE_SIGN_STYLE = Automatic;
				CURRENT_PROJECT_VERSION = 1;
				GENERATE_INFOPLIST_FILE = YES;
				IPHONEOS_DEPLOYMENT_TARGET = 17.4;
				MARKETING_VERSION = 1.0;
				PRODUCT_BUNDLE_IDENTIFIER = com.chrisbarker.CocoaTouchTests;
				PRODUCT_NAME = "$(TARGET_NAME)";
				SWIFT_EMIT_LOC_STRINGS = NO;
				SWIFT_VERSION = 5.0;
				TARGETED_DEVICE_FAMILY = "1,2";
				TEST_HOST = "$(BUILT_PRODUCTS_DIR)/CocoaTouch.app/$(BUNDLE_EXECUTABLE_FOLDER_PATH)/CocoaTouch";
			};
			name = Debug;
		};
<<<<<<< HEAD
		3C9CA43E2BBE969700EEFE51 /* Release */ = {
=======
		37C4DC892BBF789B00496504 /* Release */ = {
>>>>>>> main
			isa = XCBuildConfiguration;
			buildSettings = {
				ALWAYS_EMBED_SWIFT_STANDARD_LIBRARIES = YES;
				BUNDLE_LOADER = "$(TEST_HOST)";
				CODE_SIGN_STYLE = Automatic;
				CURRENT_PROJECT_VERSION = 1;
				GENERATE_INFOPLIST_FILE = YES;
				IPHONEOS_DEPLOYMENT_TARGET = 17.4;
				MARKETING_VERSION = 1.0;
				PRODUCT_BUNDLE_IDENTIFIER = com.chrisbarker.CocoaTouchTests;
				PRODUCT_NAME = "$(TARGET_NAME)";
				SWIFT_EMIT_LOC_STRINGS = NO;
				SWIFT_VERSION = 5.0;
				TARGETED_DEVICE_FAMILY = "1,2";
				TEST_HOST = "$(BUILT_PRODUCTS_DIR)/CocoaTouch.app/$(BUNDLE_EXECUTABLE_FOLDER_PATH)/CocoaTouch";
			};
			name = Release;
		};
<<<<<<< HEAD
		3C9CA4402BBE969700EEFE51 /* Debug */ = {
=======
		37C4DC8B2BBF789B00496504 /* Debug */ = {
>>>>>>> main
			isa = XCBuildConfiguration;
			buildSettings = {
				ALWAYS_EMBED_SWIFT_STANDARD_LIBRARIES = YES;
				CODE_SIGN_STYLE = Automatic;
				CURRENT_PROJECT_VERSION = 1;
				GENERATE_INFOPLIST_FILE = YES;
				MARKETING_VERSION = 1.0;
				PRODUCT_BUNDLE_IDENTIFIER = com.chrisbarker.CocoaTouchUITests;
				PRODUCT_NAME = "$(TARGET_NAME)";
				SWIFT_EMIT_LOC_STRINGS = NO;
				SWIFT_VERSION = 5.0;
				TARGETED_DEVICE_FAMILY = "1,2";
				TEST_TARGET_NAME = CocoaTouch;
			};
			name = Debug;
		};
<<<<<<< HEAD
		3C9CA4412BBE969700EEFE51 /* Release */ = {
=======
		37C4DC8C2BBF789B00496504 /* Release */ = {
>>>>>>> main
			isa = XCBuildConfiguration;
			buildSettings = {
				ALWAYS_EMBED_SWIFT_STANDARD_LIBRARIES = YES;
				CODE_SIGN_STYLE = Automatic;
				CURRENT_PROJECT_VERSION = 1;
				GENERATE_INFOPLIST_FILE = YES;
				MARKETING_VERSION = 1.0;
				PRODUCT_BUNDLE_IDENTIFIER = com.chrisbarker.CocoaTouchUITests;
				PRODUCT_NAME = "$(TARGET_NAME)";
				SWIFT_EMIT_LOC_STRINGS = NO;
				SWIFT_VERSION = 5.0;
				TARGETED_DEVICE_FAMILY = "1,2";
				TEST_TARGET_NAME = CocoaTouch;
			};
			name = Release;
		};
/* End XCBuildConfiguration section */

/* Begin XCConfigurationList section */
<<<<<<< HEAD
		3C9CA40A2BBE969400EEFE51 /* Build configuration list for PBXProject "CocoaTouch" */ = {
			isa = XCConfigurationList;
			buildConfigurations = (
				3C9CA4372BBE969700EEFE51 /* Debug */,
				3C9CA4382BBE969700EEFE51 /* Release */,
=======
		37C4DC552BBF789900496504 /* Build configuration list for PBXProject "CocoaTouch" */ = {
			isa = XCConfigurationList;
			buildConfigurations = (
				37C4DC822BBF789B00496504 /* Debug */,
				37C4DC832BBF789B00496504 /* Release */,
>>>>>>> main
			);
			defaultConfigurationIsVisible = 0;
			defaultConfigurationName = Release;
		};
<<<<<<< HEAD
		3C9CA4392BBE969700EEFE51 /* Build configuration list for PBXNativeTarget "CocoaTouch" */ = {
			isa = XCConfigurationList;
			buildConfigurations = (
				3C9CA43A2BBE969700EEFE51 /* Debug */,
				3C9CA43B2BBE969700EEFE51 /* Release */,
=======
		37C4DC842BBF789B00496504 /* Build configuration list for PBXNativeTarget "CocoaTouch" */ = {
			isa = XCConfigurationList;
			buildConfigurations = (
				37C4DC852BBF789B00496504 /* Debug */,
				37C4DC862BBF789B00496504 /* Release */,
>>>>>>> main
			);
			defaultConfigurationIsVisible = 0;
			defaultConfigurationName = Release;
		};
<<<<<<< HEAD
		3C9CA43C2BBE969700EEFE51 /* Build configuration list for PBXNativeTarget "CocoaTouchTests" */ = {
			isa = XCConfigurationList;
			buildConfigurations = (
				3C9CA43D2BBE969700EEFE51 /* Debug */,
				3C9CA43E2BBE969700EEFE51 /* Release */,
=======
		37C4DC872BBF789B00496504 /* Build configuration list for PBXNativeTarget "CocoaTouchTests" */ = {
			isa = XCConfigurationList;
			buildConfigurations = (
				37C4DC882BBF789B00496504 /* Debug */,
				37C4DC892BBF789B00496504 /* Release */,
>>>>>>> main
			);
			defaultConfigurationIsVisible = 0;
			defaultConfigurationName = Release;
		};
<<<<<<< HEAD
		3C9CA43F2BBE969700EEFE51 /* Build configuration list for PBXNativeTarget "CocoaTouchUITests" */ = {
			isa = XCConfigurationList;
			buildConfigurations = (
				3C9CA4402BBE969700EEFE51 /* Debug */,
				3C9CA4412BBE969700EEFE51 /* Release */,
=======
		37C4DC8A2BBF789B00496504 /* Build configuration list for PBXNativeTarget "CocoaTouchUITests" */ = {
			isa = XCConfigurationList;
			buildConfigurations = (
				37C4DC8B2BBF789B00496504 /* Debug */,
				37C4DC8C2BBF789B00496504 /* Release */,
>>>>>>> main
			);
			defaultConfigurationIsVisible = 0;
			defaultConfigurationName = Release;
		};
/* End XCConfigurationList section */
	};
<<<<<<< HEAD
	rootObject = 3C9CA4072BBE969400EEFE51 /* Project object */;
=======
	rootObject = 37C4DC522BBF789900496504 /* Project object */;
>>>>>>> main
}
