// !$*UTF8*$!
{
	archiveVersion = 1;
	classes = {
	};
	objectVersion = 56;
	objects = {

/* Begin PBXBuildFile section */
		58105FE12BBE96FE00363B44 /* AppDelegate.swift in Sources */ = {isa = PBXBuildFile; fileRef = 58105FE02BBE96FE00363B44 /* AppDelegate.swift */; };
		58105FE32BBE96FE00363B44 /* SceneDelegate.swift in Sources */ = {isa = PBXBuildFile; fileRef = 58105FE22BBE96FE00363B44 /* SceneDelegate.swift */; };
		58105FE52BBE96FE00363B44 /* ViewController.swift in Sources */ = {isa = PBXBuildFile; fileRef = 58105FE42BBE96FE00363B44 /* ViewController.swift */; };
		58105FE82BBE96FE00363B44 /* Base in Resources */ = {isa = PBXBuildFile; fileRef = 58105FE72BBE96FE00363B44 /* Base */; };
		58105FEA2BBE96FF00363B44 /* Assets.xcassets in Resources */ = {isa = PBXBuildFile; fileRef = 58105FE92BBE96FF00363B44 /* Assets.xcassets */; };
		58105FED2BBE96FF00363B44 /* Base in Resources */ = {isa = PBXBuildFile; fileRef = 58105FEC2BBE96FF00363B44 /* Base */; };
		58105FF82BBE96FF00363B44 /* CocoaTouchTests.swift in Sources */ = {isa = PBXBuildFile; fileRef = 58105FF72BBE96FF00363B44 /* CocoaTouchTests.swift */; };
		581060022BBE96FF00363B44 /* CocoaTouchUITests.swift in Sources */ = {isa = PBXBuildFile; fileRef = 581060012BBE96FF00363B44 /* CocoaTouchUITests.swift */; };
		581060042BBE96FF00363B44 /* CocoaTouchUITestsLaunchTests.swift in Sources */ = {isa = PBXBuildFile; fileRef = 581060032BBE96FF00363B44 /* CocoaTouchUITestsLaunchTests.swift */; };
		581060112BBE9BAC00363B44 /* ReposTableViewController.swift in Sources */ = {isa = PBXBuildFile; fileRef = 581060102BBE9BAC00363B44 /* ReposTableViewController.swift */; };
/* End PBXBuildFile section */

/* Begin PBXContainerItemProxy section */
		58105FF42BBE96FF00363B44 /* PBXContainerItemProxy */ = {
			isa = PBXContainerItemProxy;
			containerPortal = 58105FD52BBE96FE00363B44 /* Project object */;
			proxyType = 1;
			remoteGlobalIDString = 58105FDC2BBE96FE00363B44;
			remoteInfo = CocoaTouch;
		};
		58105FFE2BBE96FF00363B44 /* PBXContainerItemProxy */ = {
			isa = PBXContainerItemProxy;
			containerPortal = 58105FD52BBE96FE00363B44 /* Project object */;
			proxyType = 1;
			remoteGlobalIDString = 58105FDC2BBE96FE00363B44;
			remoteInfo = CocoaTouch;
		};
/* End PBXContainerItemProxy section */

/* Begin PBXFileReference section */
		58105FDD2BBE96FE00363B44 /* CocoaTouch.app */ = {isa = PBXFileReference; explicitFileType = wrapper.application; includeInIndex = 0; path = CocoaTouch.app; sourceTree = BUILT_PRODUCTS_DIR; };
		58105FE02BBE96FE00363B44 /* AppDelegate.swift */ = {isa = PBXFileReference; lastKnownFileType = sourcecode.swift; path = AppDelegate.swift; sourceTree = "<group>"; };
		58105FE22BBE96FE00363B44 /* SceneDelegate.swift */ = {isa = PBXFileReference; lastKnownFileType = sourcecode.swift; path = SceneDelegate.swift; sourceTree = "<group>"; };
		58105FE42BBE96FE00363B44 /* ViewController.swift */ = {isa = PBXFileReference; lastKnownFileType = sourcecode.swift; path = ViewController.swift; sourceTree = "<group>"; };
		58105FE72BBE96FE00363B44 /* Base */ = {isa = PBXFileReference; lastKnownFileType = file.storyboard; name = Base; path = Base.lproj/Main.storyboard; sourceTree = "<group>"; };
		58105FE92BBE96FF00363B44 /* Assets.xcassets */ = {isa = PBXFileReference; lastKnownFileType = folder.assetcatalog; path = Assets.xcassets; sourceTree = "<group>"; };
		58105FEC2BBE96FF00363B44 /* Base */ = {isa = PBXFileReference; lastKnownFileType = file.storyboard; name = Base; path = Base.lproj/LaunchScreen.storyboard; sourceTree = "<group>"; };
		58105FEE2BBE96FF00363B44 /* Info.plist */ = {isa = PBXFileReference; lastKnownFileType = text.plist.xml; path = Info.plist; sourceTree = "<group>"; };
		58105FF32BBE96FF00363B44 /* CocoaTouchTests.xctest */ = {isa = PBXFileReference; explicitFileType = wrapper.cfbundle; includeInIndex = 0; path = CocoaTouchTests.xctest; sourceTree = BUILT_PRODUCTS_DIR; };
		58105FF72BBE96FF00363B44 /* CocoaTouchTests.swift */ = {isa = PBXFileReference; lastKnownFileType = sourcecode.swift; path = CocoaTouchTests.swift; sourceTree = "<group>"; };
		58105FFD2BBE96FF00363B44 /* CocoaTouchUITests.xctest */ = {isa = PBXFileReference; explicitFileType = wrapper.cfbundle; includeInIndex = 0; path = CocoaTouchUITests.xctest; sourceTree = BUILT_PRODUCTS_DIR; };
		581060012BBE96FF00363B44 /* CocoaTouchUITests.swift */ = {isa = PBXFileReference; lastKnownFileType = sourcecode.swift; path = CocoaTouchUITests.swift; sourceTree = "<group>"; };
		581060032BBE96FF00363B44 /* CocoaTouchUITestsLaunchTests.swift */ = {isa = PBXFileReference; lastKnownFileType = sourcecode.swift; path = CocoaTouchUITestsLaunchTests.swift; sourceTree = "<group>"; };
		581060102BBE9BAC00363B44 /* ReposTableViewController.swift */ = {isa = PBXFileReference; lastKnownFileType = sourcecode.swift; path = ReposTableViewController.swift; sourceTree = "<group>"; };
/* End PBXFileReference section */

/* Begin PBXFrameworksBuildPhase section */
		58105FDA2BBE96FE00363B44 /* Frameworks */ = {
			isa = PBXFrameworksBuildPhase;
			buildActionMask = 2147483647;
			files = (
			);
			runOnlyForDeploymentPostprocessing = 0;
		};
		58105FF02BBE96FF00363B44 /* Frameworks */ = {
			isa = PBXFrameworksBuildPhase;
			buildActionMask = 2147483647;
			files = (
			);
			runOnlyForDeploymentPostprocessing = 0;
		};
		58105FFA2BBE96FF00363B44 /* Frameworks */ = {
			isa = PBXFrameworksBuildPhase;
			buildActionMask = 2147483647;
			files = (
			);
			runOnlyForDeploymentPostprocessing = 0;
		};
/* End PBXFrameworksBuildPhase section */

/* Begin PBXGroup section */
		58105FD42BBE96FE00363B44 = {
			isa = PBXGroup;
			children = (
				58105FDF2BBE96FE00363B44 /* CocoaTouch */,
				58105FF62BBE96FF00363B44 /* CocoaTouchTests */,
				581060002BBE96FF00363B44 /* CocoaTouchUITests */,
				58105FDE2BBE96FE00363B44 /* Products */,
			);
			sourceTree = "<group>";
		};
		58105FDE2BBE96FE00363B44 /* Products */ = {
			isa = PBXGroup;
			children = (
				58105FDD2BBE96FE00363B44 /* CocoaTouch.app */,
				58105FF32BBE96FF00363B44 /* CocoaTouchTests.xctest */,
				58105FFD2BBE96FF00363B44 /* CocoaTouchUITests.xctest */,
			);
			name = Products;
			sourceTree = "<group>";
		};
		58105FDF2BBE96FE00363B44 /* CocoaTouch */ = {
			isa = PBXGroup;
			children = (
				58105FE02BBE96FE00363B44 /* AppDelegate.swift */,
				58105FE22BBE96FE00363B44 /* SceneDelegate.swift */,
				58105FE42BBE96FE00363B44 /* ViewController.swift */,
				581060102BBE9BAC00363B44 /* ReposTableViewController.swift */,
				58105FE62BBE96FE00363B44 /* Main.storyboard */,
				58105FE92BBE96FF00363B44 /* Assets.xcassets */,
				58105FEB2BBE96FF00363B44 /* LaunchScreen.storyboard */,
				58105FEE2BBE96FF00363B44 /* Info.plist */,
			);
			path = CocoaTouch;
			sourceTree = "<group>";
		};
		58105FF62BBE96FF00363B44 /* CocoaTouchTests */ = {
			isa = PBXGroup;
			children = (
				58105FF72BBE96FF00363B44 /* CocoaTouchTests.swift */,
			);
			path = CocoaTouchTests;
			sourceTree = "<group>";
		};
		581060002BBE96FF00363B44 /* CocoaTouchUITests */ = {
			isa = PBXGroup;
			children = (
				581060012BBE96FF00363B44 /* CocoaTouchUITests.swift */,
				581060032BBE96FF00363B44 /* CocoaTouchUITestsLaunchTests.swift */,
			);
			path = CocoaTouchUITests;
			sourceTree = "<group>";
		};
/* End PBXGroup section */

/* Begin PBXNativeTarget section */
		58105FDC2BBE96FE00363B44 /* CocoaTouch */ = {
			isa = PBXNativeTarget;
			buildConfigurationList = 581060072BBE96FF00363B44 /* Build configuration list for PBXNativeTarget "CocoaTouch" */;
			buildPhases = (
				58105FD92BBE96FE00363B44 /* Sources */,
				58105FDA2BBE96FE00363B44 /* Frameworks */,
				58105FDB2BBE96FE00363B44 /* Resources */,
			);
			buildRules = (
			);
			dependencies = (
			);
			name = CocoaTouch;
			productName = CocoaTouch;
			productReference = 58105FDD2BBE96FE00363B44 /* CocoaTouch.app */;
			productType = "com.apple.product-type.application";
		};
		58105FF22BBE96FF00363B44 /* CocoaTouchTests */ = {
			isa = PBXNativeTarget;
			buildConfigurationList = 5810600A2BBE96FF00363B44 /* Build configuration list for PBXNativeTarget "CocoaTouchTests" */;
			buildPhases = (
				58105FEF2BBE96FF00363B44 /* Sources */,
				58105FF02BBE96FF00363B44 /* Frameworks */,
				58105FF12BBE96FF00363B44 /* Resources */,
			);
			buildRules = (
			);
			dependencies = (
				58105FF52BBE96FF00363B44 /* PBXTargetDependency */,
			);
			name = CocoaTouchTests;
			productName = CocoaTouchTests;
			productReference = 58105FF32BBE96FF00363B44 /* CocoaTouchTests.xctest */;
			productType = "com.apple.product-type.bundle.unit-test";
		};
		58105FFC2BBE96FF00363B44 /* CocoaTouchUITests */ = {
			isa = PBXNativeTarget;
			buildConfigurationList = 5810600D2BBE96FF00363B44 /* Build configuration list for PBXNativeTarget "CocoaTouchUITests" */;
			buildPhases = (
				58105FF92BBE96FF00363B44 /* Sources */,
				58105FFA2BBE96FF00363B44 /* Frameworks */,
				58105FFB2BBE96FF00363B44 /* Resources */,
			);
			buildRules = (
			);
			dependencies = (
				58105FFF2BBE96FF00363B44 /* PBXTargetDependency */,
			);
			name = CocoaTouchUITests;
			productName = CocoaTouchUITests;
			productReference = 58105FFD2BBE96FF00363B44 /* CocoaTouchUITests.xctest */;
			productType = "com.apple.product-type.bundle.ui-testing";
		};
/* End PBXNativeTarget section */

/* Begin PBXProject section */
		58105FD52BBE96FE00363B44 /* Project object */ = {
			isa = PBXProject;
			attributes = {
				BuildIndependentTargetsInParallel = 1;
				LastSwiftUpdateCheck = 1530;
				LastUpgradeCheck = 1530;
				TargetAttributes = {
					58105FDC2BBE96FE00363B44 = {
						CreatedOnToolsVersion = 15.3;
					};
					58105FF22BBE96FF00363B44 = {
						CreatedOnToolsVersion = 15.3;
						TestTargetID = 58105FDC2BBE96FE00363B44;
					};
					58105FFC2BBE96FF00363B44 = {
						CreatedOnToolsVersion = 15.3;
						TestTargetID = 58105FDC2BBE96FE00363B44;
					};
				};
			};
			buildConfigurationList = 58105FD82BBE96FE00363B44 /* Build configuration list for PBXProject "CocoaTouch" */;
			compatibilityVersion = "Xcode 14.0";
			developmentRegion = en;
			hasScannedForEncodings = 0;
			knownRegions = (
				en,
				Base,
			);
			mainGroup = 58105FD42BBE96FE00363B44;
			productRefGroup = 58105FDE2BBE96FE00363B44 /* Products */;
			projectDirPath = "";
			projectRoot = "";
			targets = (
				58105FDC2BBE96FE00363B44 /* CocoaTouch */,
				58105FF22BBE96FF00363B44 /* CocoaTouchTests */,
				58105FFC2BBE96FF00363B44 /* CocoaTouchUITests */,
			);
		};
/* End PBXProject section */

/* Begin PBXResourcesBuildPhase section */
		58105FDB2BBE96FE00363B44 /* Resources */ = {
			isa = PBXResourcesBuildPhase;
			buildActionMask = 2147483647;
			files = (
				58105FEA2BBE96FF00363B44 /* Assets.xcassets in Resources */,
				58105FED2BBE96FF00363B44 /* Base in Resources */,
				58105FE82BBE96FE00363B44 /* Base in Resources */,
			);
			runOnlyForDeploymentPostprocessing = 0;
		};
		58105FF12BBE96FF00363B44 /* Resources */ = {
			isa = PBXResourcesBuildPhase;
			buildActionMask = 2147483647;
			files = (
			);
			runOnlyForDeploymentPostprocessing = 0;
		};
		58105FFB2BBE96FF00363B44 /* Resources */ = {
			isa = PBXResourcesBuildPhase;
			buildActionMask = 2147483647;
			files = (
			);
			runOnlyForDeploymentPostprocessing = 0;
		};
/* End PBXResourcesBuildPhase section */

/* Begin PBXSourcesBuildPhase section */
		58105FD92BBE96FE00363B44 /* Sources */ = {
			isa = PBXSourcesBuildPhase;
			buildActionMask = 2147483647;
			files = (
				58105FE52BBE96FE00363B44 /* ViewController.swift in Sources */,
				581060112BBE9BAC00363B44 /* ReposTableViewController.swift in Sources */,
				58105FE12BBE96FE00363B44 /* AppDelegate.swift in Sources */,
				58105FE32BBE96FE00363B44 /* SceneDelegate.swift in Sources */,
			);
			runOnlyForDeploymentPostprocessing = 0;
		};
		58105FEF2BBE96FF00363B44 /* Sources */ = {
			isa = PBXSourcesBuildPhase;
			buildActionMask = 2147483647;
			files = (
				58105FF82BBE96FF00363B44 /* CocoaTouchTests.swift in Sources */,
			);
			runOnlyForDeploymentPostprocessing = 0;
		};
		58105FF92BBE96FF00363B44 /* Sources */ = {
			isa = PBXSourcesBuildPhase;
			buildActionMask = 2147483647;
			files = (
				581060042BBE96FF00363B44 /* CocoaTouchUITestsLaunchTests.swift in Sources */,
				581060022BBE96FF00363B44 /* CocoaTouchUITests.swift in Sources */,
			);
			runOnlyForDeploymentPostprocessing = 0;
		};
/* End PBXSourcesBuildPhase section */

/* Begin PBXTargetDependency section */
		58105FF52BBE96FF00363B44 /* PBXTargetDependency */ = {
			isa = PBXTargetDependency;
			target = 58105FDC2BBE96FE00363B44 /* CocoaTouch */;
			targetProxy = 58105FF42BBE96FF00363B44 /* PBXContainerItemProxy */;
		};
		58105FFF2BBE96FF00363B44 /* PBXTargetDependency */ = {
			isa = PBXTargetDependency;
			target = 58105FDC2BBE96FE00363B44 /* CocoaTouch */;
			targetProxy = 58105FFE2BBE96FF00363B44 /* PBXContainerItemProxy */;
		};
/* End PBXTargetDependency section */

/* Begin PBXVariantGroup section */
		58105FE62BBE96FE00363B44 /* Main.storyboard */ = {
			isa = PBXVariantGroup;
			children = (
				58105FE72BBE96FE00363B44 /* Base */,
			);
			name = Main.storyboard;
			sourceTree = "<group>";
		};
		58105FEB2BBE96FF00363B44 /* LaunchScreen.storyboard */ = {
			isa = PBXVariantGroup;
			children = (
				58105FEC2BBE96FF00363B44 /* Base */,
			);
			name = LaunchScreen.storyboard;
			sourceTree = "<group>";
		};
/* End PBXVariantGroup section */

/* Begin XCBuildConfiguration section */
		581060052BBE96FF00363B44 /* Debug */ = {
			isa = XCBuildConfiguration;
			buildSettings = {
				ALWAYS_SEARCH_USER_PATHS = NO;
				ASSETCATALOG_COMPILER_GENERATE_SWIFT_ASSET_SYMBOL_EXTENSIONS = YES;
				CLANG_ANALYZER_NONNULL = YES;
				CLANG_ANALYZER_NUMBER_OBJECT_CONVERSION = YES_AGGRESSIVE;
				CLANG_CXX_LANGUAGE_STANDARD = "gnu++20";
				CLANG_ENABLE_MODULES = YES;
				CLANG_ENABLE_OBJC_ARC = YES;
				CLANG_ENABLE_OBJC_WEAK = YES;
				CLANG_WARN_BLOCK_CAPTURE_AUTORELEASING = YES;
				CLANG_WARN_BOOL_CONVERSION = YES;
				CLANG_WARN_COMMA = YES;
				CLANG_WARN_CONSTANT_CONVERSION = YES;
				CLANG_WARN_DEPRECATED_OBJC_IMPLEMENTATIONS = YES;
				CLANG_WARN_DIRECT_OBJC_ISA_USAGE = YES_ERROR;
				CLANG_WARN_DOCUMENTATION_COMMENTS = YES;
				CLANG_WARN_EMPTY_BODY = YES;
				CLANG_WARN_ENUM_CONVERSION = YES;
				CLANG_WARN_INFINITE_RECURSION = YES;
				CLANG_WARN_INT_CONVERSION = YES;
				CLANG_WARN_NON_LITERAL_NULL_CONVERSION = YES;
				CLANG_WARN_OBJC_IMPLICIT_RETAIN_SELF = YES;
				CLANG_WARN_OBJC_LITERAL_CONVERSION = YES;
				CLANG_WARN_OBJC_ROOT_CLASS = YES_ERROR;
				CLANG_WARN_QUOTED_INCLUDE_IN_FRAMEWORK_HEADER = YES;
				CLANG_WARN_RANGE_LOOP_ANALYSIS = YES;
				CLANG_WARN_STRICT_PROTOTYPES = YES;
				CLANG_WARN_SUSPICIOUS_MOVE = YES;
				CLANG_WARN_UNGUARDED_AVAILABILITY = YES_AGGRESSIVE;
				CLANG_WARN_UNREACHABLE_CODE = YES;
				CLANG_WARN__DUPLICATE_METHOD_MATCH = YES;
				COPY_PHASE_STRIP = NO;
				DEBUG_INFORMATION_FORMAT = dwarf;
				ENABLE_STRICT_OBJC_MSGSEND = YES;
				ENABLE_TESTABILITY = YES;
				ENABLE_USER_SCRIPT_SANDBOXING = YES;
				GCC_C_LANGUAGE_STANDARD = gnu17;
				GCC_DYNAMIC_NO_PIC = NO;
				GCC_NO_COMMON_BLOCKS = YES;
				GCC_OPTIMIZATION_LEVEL = 0;
				GCC_PREPROCESSOR_DEFINITIONS = (
					"DEBUG=1",
					"$(inherited)",
				);
				GCC_WARN_64_TO_32_BIT_CONVERSION = YES;
				GCC_WARN_ABOUT_RETURN_TYPE = YES_ERROR;
				GCC_WARN_UNDECLARED_SELECTOR = YES;
				GCC_WARN_UNINITIALIZED_AUTOS = YES_AGGRESSIVE;
				GCC_WARN_UNUSED_FUNCTION = YES;
				GCC_WARN_UNUSED_VARIABLE = YES;
				IPHONEOS_DEPLOYMENT_TARGET = 17.4;
				LOCALIZATION_PREFERS_STRING_CATALOGS = YES;
				MTL_ENABLE_DEBUG_INFO = INCLUDE_SOURCE;
				MTL_FAST_MATH = YES;
				ONLY_ACTIVE_ARCH = YES;
				SDKROOT = iphoneos;
				SWIFT_ACTIVE_COMPILATION_CONDITIONS = "DEBUG $(inherited)";
				SWIFT_OPTIMIZATION_LEVEL = "-Onone";
			};
			name = Debug;
		};
		581060062BBE96FF00363B44 /* Release */ = {
			isa = XCBuildConfiguration;
			buildSettings = {
				ALWAYS_SEARCH_USER_PATHS = NO;
				ASSETCATALOG_COMPILER_GENERATE_SWIFT_ASSET_SYMBOL_EXTENSIONS = YES;
				CLANG_ANALYZER_NONNULL = YES;
				CLANG_ANALYZER_NUMBER_OBJECT_CONVERSION = YES_AGGRESSIVE;
				CLANG_CXX_LANGUAGE_STANDARD = "gnu++20";
				CLANG_ENABLE_MODULES = YES;
				CLANG_ENABLE_OBJC_ARC = YES;
				CLANG_ENABLE_OBJC_WEAK = YES;
				CLANG_WARN_BLOCK_CAPTURE_AUTORELEASING = YES;
				CLANG_WARN_BOOL_CONVERSION = YES;
				CLANG_WARN_COMMA = YES;
				CLANG_WARN_CONSTANT_CONVERSION = YES;
				CLANG_WARN_DEPRECATED_OBJC_IMPLEMENTATIONS = YES;
				CLANG_WARN_DIRECT_OBJC_ISA_USAGE = YES_ERROR;
				CLANG_WARN_DOCUMENTATION_COMMENTS = YES;
				CLANG_WARN_EMPTY_BODY = YES;
				CLANG_WARN_ENUM_CONVERSION = YES;
				CLANG_WARN_INFINITE_RECURSION = YES;
				CLANG_WARN_INT_CONVERSION = YES;
				CLANG_WARN_NON_LITERAL_NULL_CONVERSION = YES;
				CLANG_WARN_OBJC_IMPLICIT_RETAIN_SELF = YES;
				CLANG_WARN_OBJC_LITERAL_CONVERSION = YES;
				CLANG_WARN_OBJC_ROOT_CLASS = YES_ERROR;
				CLANG_WARN_QUOTED_INCLUDE_IN_FRAMEWORK_HEADER = YES;
				CLANG_WARN_RANGE_LOOP_ANALYSIS = YES;
				CLANG_WARN_STRICT_PROTOTYPES = YES;
				CLANG_WARN_SUSPICIOUS_MOVE = YES;
				CLANG_WARN_UNGUARDED_AVAILABILITY = YES_AGGRESSIVE;
				CLANG_WARN_UNREACHABLE_CODE = YES;
				CLANG_WARN__DUPLICATE_METHOD_MATCH = YES;
				COPY_PHASE_STRIP = NO;
				DEBUG_INFORMATION_FORMAT = "dwarf-with-dsym";
				ENABLE_NS_ASSERTIONS = NO;
				ENABLE_STRICT_OBJC_MSGSEND = YES;
				ENABLE_USER_SCRIPT_SANDBOXING = YES;
				GCC_C_LANGUAGE_STANDARD = gnu17;
				GCC_NO_COMMON_BLOCKS = YES;
				GCC_WARN_64_TO_32_BIT_CONVERSION = YES;
				GCC_WARN_ABOUT_RETURN_TYPE = YES_ERROR;
				GCC_WARN_UNDECLARED_SELECTOR = YES;
				GCC_WARN_UNINITIALIZED_AUTOS = YES_AGGRESSIVE;
				GCC_WARN_UNUSED_FUNCTION = YES;
				GCC_WARN_UNUSED_VARIABLE = YES;
				IPHONEOS_DEPLOYMENT_TARGET = 17.4;
				LOCALIZATION_PREFERS_STRING_CATALOGS = YES;
				MTL_ENABLE_DEBUG_INFO = NO;
				MTL_FAST_MATH = YES;
				SDKROOT = iphoneos;
				SWIFT_COMPILATION_MODE = wholemodule;
				VALIDATE_PRODUCT = YES;
			};
			name = Release;
		};
		581060082BBE96FF00363B44 /* Debug */ = {
			isa = XCBuildConfiguration;
			buildSettings = {
				ASSETCATALOG_COMPILER_APPICON_NAME = AppIcon;
				ASSETCATALOG_COMPILER_GLOBAL_ACCENT_COLOR_NAME = AccentColor;
				CODE_SIGN_STYLE = Automatic;
				CURRENT_PROJECT_VERSION = 1;
				GENERATE_INFOPLIST_FILE = YES;
				INFOPLIST_FILE = CocoaTouch/Info.plist;
				INFOPLIST_KEY_UIApplicationSupportsIndirectInputEvents = YES;
				INFOPLIST_KEY_UILaunchStoryboardName = LaunchScreen;
				INFOPLIST_KEY_UIMainStoryboardFile = Main;
				INFOPLIST_KEY_UISupportedInterfaceOrientations_iPad = "UIInterfaceOrientationPortrait UIInterfaceOrientationPortraitUpsideDown UIInterfaceOrientationLandscapeLeft UIInterfaceOrientationLandscapeRight";
				INFOPLIST_KEY_UISupportedInterfaceOrientations_iPhone = "UIInterfaceOrientationPortrait UIInterfaceOrientationLandscapeLeft UIInterfaceOrientationLandscapeRight";
				LD_RUNPATH_SEARCH_PATHS = (
					"$(inherited)",
					"@executable_path/Frameworks",
				);
				MARKETING_VERSION = 1.0;
				PRODUCT_BUNDLE_IDENTIFIER = com.chrisbarker.CocoaTouch;
				PRODUCT_NAME = "$(TARGET_NAME)";
				SWIFT_EMIT_LOC_STRINGS = YES;
				SWIFT_VERSION = 5.0;
				TARGETED_DEVICE_FAMILY = "1,2";
			};
			name = Debug;
		};
		581060092BBE96FF00363B44 /* Release */ = {
			isa = XCBuildConfiguration;
			buildSettings = {
				ASSETCATALOG_COMPILER_APPICON_NAME = AppIcon;
				ASSETCATALOG_COMPILER_GLOBAL_ACCENT_COLOR_NAME = AccentColor;
				CODE_SIGN_STYLE = Automatic;
				CURRENT_PROJECT_VERSION = 1;
				GENERATE_INFOPLIST_FILE = YES;
				INFOPLIST_FILE = CocoaTouch/Info.plist;
				INFOPLIST_KEY_UIApplicationSupportsIndirectInputEvents = YES;
				INFOPLIST_KEY_UILaunchStoryboardName = LaunchScreen;
				INFOPLIST_KEY_UIMainStoryboardFile = Main;
				INFOPLIST_KEY_UISupportedInterfaceOrientations_iPad = "UIInterfaceOrientationPortrait UIInterfaceOrientationPortraitUpsideDown UIInterfaceOrientationLandscapeLeft UIInterfaceOrientationLandscapeRight";
				INFOPLIST_KEY_UISupportedInterfaceOrientations_iPhone = "UIInterfaceOrientationPortrait UIInterfaceOrientationLandscapeLeft UIInterfaceOrientationLandscapeRight";
				LD_RUNPATH_SEARCH_PATHS = (
					"$(inherited)",
					"@executable_path/Frameworks",
				);
				MARKETING_VERSION = 1.0;
				PRODUCT_BUNDLE_IDENTIFIER = com.chrisbarker.CocoaTouch;
				PRODUCT_NAME = "$(TARGET_NAME)";
				SWIFT_EMIT_LOC_STRINGS = YES;
				SWIFT_VERSION = 5.0;
				TARGETED_DEVICE_FAMILY = "1,2";
			};
			name = Release;
		};
		5810600B2BBE96FF00363B44 /* Debug */ = {
			isa = XCBuildConfiguration;
			buildSettings = {
				ALWAYS_EMBED_SWIFT_STANDARD_LIBRARIES = YES;
				BUNDLE_LOADER = "$(TEST_HOST)";
				CODE_SIGN_STYLE = Automatic;
				CURRENT_PROJECT_VERSION = 1;
				GENERATE_INFOPLIST_FILE = YES;
				IPHONEOS_DEPLOYMENT_TARGET = 17.4;
				MARKETING_VERSION = 1.0;
				PRODUCT_BUNDLE_IDENTIFIER = com.chrisbarker.CocoaTouchTests;
				PRODUCT_NAME = "$(TARGET_NAME)";
				SWIFT_EMIT_LOC_STRINGS = NO;
				SWIFT_VERSION = 5.0;
				TARGETED_DEVICE_FAMILY = "1,2";
				TEST_HOST = "$(BUILT_PRODUCTS_DIR)/CocoaTouch.app/$(BUNDLE_EXECUTABLE_FOLDER_PATH)/CocoaTouch";
			};
			name = Debug;
		};
		5810600C2BBE96FF00363B44 /* Release */ = {
			isa = XCBuildConfiguration;
			buildSettings = {
				ALWAYS_EMBED_SWIFT_STANDARD_LIBRARIES = YES;
				BUNDLE_LOADER = "$(TEST_HOST)";
				CODE_SIGN_STYLE = Automatic;
				CURRENT_PROJECT_VERSION = 1;
				GENERATE_INFOPLIST_FILE = YES;
				IPHONEOS_DEPLOYMENT_TARGET = 17.4;
				MARKETING_VERSION = 1.0;
				PRODUCT_BUNDLE_IDENTIFIER = com.chrisbarker.CocoaTouchTests;
				PRODUCT_NAME = "$(TARGET_NAME)";
				SWIFT_EMIT_LOC_STRINGS = NO;
				SWIFT_VERSION = 5.0;
				TARGETED_DEVICE_FAMILY = "1,2";
				TEST_HOST = "$(BUILT_PRODUCTS_DIR)/CocoaTouch.app/$(BUNDLE_EXECUTABLE_FOLDER_PATH)/CocoaTouch";
			};
			name = Release;
		};
		5810600E2BBE96FF00363B44 /* Debug */ = {
			isa = XCBuildConfiguration;
			buildSettings = {
				ALWAYS_EMBED_SWIFT_STANDARD_LIBRARIES = YES;
				CODE_SIGN_STYLE = Automatic;
				CURRENT_PROJECT_VERSION = 1;
				GENERATE_INFOPLIST_FILE = YES;
				MARKETING_VERSION = 1.0;
				PRODUCT_BUNDLE_IDENTIFIER = com.chrisbarker.CocoaTouchUITests;
				PRODUCT_NAME = "$(TARGET_NAME)";
				SWIFT_EMIT_LOC_STRINGS = NO;
				SWIFT_VERSION = 5.0;
				TARGETED_DEVICE_FAMILY = "1,2";
				TEST_TARGET_NAME = CocoaTouch;
			};
			name = Debug;
		};
		5810600F2BBE96FF00363B44 /* Release */ = {
			isa = XCBuildConfiguration;
			buildSettings = {
				ALWAYS_EMBED_SWIFT_STANDARD_LIBRARIES = YES;
				CODE_SIGN_STYLE = Automatic;
				CURRENT_PROJECT_VERSION = 1;
				GENERATE_INFOPLIST_FILE = YES;
				MARKETING_VERSION = 1.0;
				PRODUCT_BUNDLE_IDENTIFIER = com.chrisbarker.CocoaTouchUITests;
				PRODUCT_NAME = "$(TARGET_NAME)";
				SWIFT_EMIT_LOC_STRINGS = NO;
				SWIFT_VERSION = 5.0;
				TARGETED_DEVICE_FAMILY = "1,2";
				TEST_TARGET_NAME = CocoaTouch;
			};
			name = Release;
		};
/* End XCBuildConfiguration section */

/* Begin XCConfigurationList section */
		58105FD82BBE96FE00363B44 /* Build configuration list for PBXProject "CocoaTouch" */ = {
			isa = XCConfigurationList;
			buildConfigurations = (
				581060052BBE96FF00363B44 /* Debug */,
				581060062BBE96FF00363B44 /* Release */,
			);
			defaultConfigurationIsVisible = 0;
			defaultConfigurationName = Release;
		};
		581060072BBE96FF00363B44 /* Build configuration list for PBXNativeTarget "CocoaTouch" */ = {
			isa = XCConfigurationList;
			buildConfigurations = (
				581060082BBE96FF00363B44 /* Debug */,
				581060092BBE96FF00363B44 /* Release */,
			);
			defaultConfigurationIsVisible = 0;
			defaultConfigurationName = Release;
		};
		5810600A2BBE96FF00363B44 /* Build configuration list for PBXNativeTarget "CocoaTouchTests" */ = {
			isa = XCConfigurationList;
			buildConfigurations = (
				5810600B2BBE96FF00363B44 /* Debug */,
				5810600C2BBE96FF00363B44 /* Release */,
			);
			defaultConfigurationIsVisible = 0;
			defaultConfigurationName = Release;
		};
		5810600D2BBE96FF00363B44 /* Build configuration list for PBXNativeTarget "CocoaTouchUITests" */ = {
			isa = XCConfigurationList;
			buildConfigurations = (
				5810600E2BBE96FF00363B44 /* Debug */,
				5810600F2BBE96FF00363B44 /* Release */,
			);
			defaultConfigurationIsVisible = 0;
			defaultConfigurationName = Release;
		};
/* End XCConfigurationList section */
	};
	rootObject = 58105FD52BBE96FE00363B44 /* Project object */;
}
