// !$*UTF8*$!
{
	archiveVersion = 1;
	classes = {
	};
	objectVersion = 56;
	objects = {

/* Begin PBXBuildFile section */
		46E111A52BBF7829007CC522 /* AppDelegate.swift in Sources */ = {isa = PBXBuildFile; fileRef = 46E111A42BBF7829007CC522 /* AppDelegate.swift */; };
		46E111A72BBF7829007CC522 /* SceneDelegate.swift in Sources */ = {isa = PBXBuildFile; fileRef = 46E111A62BBF7829007CC522 /* SceneDelegate.swift */; };
		46E111A92BBF7829007CC522 /* ViewController.swift in Sources */ = {isa = PBXBuildFile; fileRef = 46E111A82BBF7829007CC522 /* ViewController.swift */; };
		46E111AC2BBF7829007CC522 /* Base in Resources */ = {isa = PBXBuildFile; fileRef = 46E111AB2BBF7829007CC522 /* Base */; };
		46E111AE2BBF782B007CC522 /* Assets.xcassets in Resources */ = {isa = PBXBuildFile; fileRef = 46E111AD2BBF782B007CC522 /* Assets.xcassets */; };
		46E111B12BBF782B007CC522 /* Base in Resources */ = {isa = PBXBuildFile; fileRef = 46E111B02BBF782B007CC522 /* Base */; };
		46E111BC2BBF782C007CC522 /* CoCoaTouchTests.swift in Sources */ = {isa = PBXBuildFile; fileRef = 46E111BB2BBF782C007CC522 /* CoCoaTouchTests.swift */; };
		46E111C62BBF782C007CC522 /* CoCoaTouchUITests.swift in Sources */ = {isa = PBXBuildFile; fileRef = 46E111C52BBF782C007CC522 /* CoCoaTouchUITests.swift */; };
		46E111C82BBF782C007CC522 /* CoCoaTouchUITestsLaunchTests.swift in Sources */ = {isa = PBXBuildFile; fileRef = 46E111C72BBF782C007CC522 /* CoCoaTouchUITestsLaunchTests.swift */; };
		46E111D52BBF7967007CC522 /* ReposTableViewController.swift in Sources */ = {isa = PBXBuildFile; fileRef = 46E111D42BBF7967007CC522 /* ReposTableViewController.swift */; };
/* End PBXBuildFile section */

/* Begin PBXContainerItemProxy section */
		46E111B82BBF782C007CC522 /* PBXContainerItemProxy */ = {
			isa = PBXContainerItemProxy;
			containerPortal = 46E111992BBF7829007CC522 /* Project object */;
			proxyType = 1;
			remoteGlobalIDString = 46E111A02BBF7829007CC522;
			remoteInfo = CoCoaTouch;
		};
		46E111C22BBF782C007CC522 /* PBXContainerItemProxy */ = {
			isa = PBXContainerItemProxy;
			containerPortal = 46E111992BBF7829007CC522 /* Project object */;
			proxyType = 1;
			remoteGlobalIDString = 46E111A02BBF7829007CC522;
			remoteInfo = CoCoaTouch;
		};
/* End PBXContainerItemProxy section */

/* Begin PBXFileReference section */
		46E111A12BBF7829007CC522 /* CoCoaTouch.app */ = {isa = PBXFileReference; explicitFileType = wrapper.application; includeInIndex = 0; path = CoCoaTouch.app; sourceTree = BUILT_PRODUCTS_DIR; };
		46E111A42BBF7829007CC522 /* AppDelegate.swift */ = {isa = PBXFileReference; lastKnownFileType = sourcecode.swift; path = AppDelegate.swift; sourceTree = "<group>"; };
		46E111A62BBF7829007CC522 /* SceneDelegate.swift */ = {isa = PBXFileReference; lastKnownFileType = sourcecode.swift; path = SceneDelegate.swift; sourceTree = "<group>"; };
		46E111A82BBF7829007CC522 /* ViewController.swift */ = {isa = PBXFileReference; lastKnownFileType = sourcecode.swift; path = ViewController.swift; sourceTree = "<group>"; };
		46E111AB2BBF7829007CC522 /* Base */ = {isa = PBXFileReference; lastKnownFileType = file.storyboard; name = Base; path = Base.lproj/Main.storyboard; sourceTree = "<group>"; };
		46E111AD2BBF782B007CC522 /* Assets.xcassets */ = {isa = PBXFileReference; lastKnownFileType = folder.assetcatalog; path = Assets.xcassets; sourceTree = "<group>"; };
		46E111B02BBF782B007CC522 /* Base */ = {isa = PBXFileReference; lastKnownFileType = file.storyboard; name = Base; path = Base.lproj/LaunchScreen.storyboard; sourceTree = "<group>"; };
		46E111B22BBF782B007CC522 /* Info.plist */ = {isa = PBXFileReference; lastKnownFileType = text.plist.xml; path = Info.plist; sourceTree = "<group>"; };
		46E111B72BBF782C007CC522 /* CoCoaTouchTests.xctest */ = {isa = PBXFileReference; explicitFileType = wrapper.cfbundle; includeInIndex = 0; path = CoCoaTouchTests.xctest; sourceTree = BUILT_PRODUCTS_DIR; };
		46E111BB2BBF782C007CC522 /* CoCoaTouchTests.swift */ = {isa = PBXFileReference; lastKnownFileType = sourcecode.swift; path = CoCoaTouchTests.swift; sourceTree = "<group>"; };
		46E111C12BBF782C007CC522 /* CoCoaTouchUITests.xctest */ = {isa = PBXFileReference; explicitFileType = wrapper.cfbundle; includeInIndex = 0; path = CoCoaTouchUITests.xctest; sourceTree = BUILT_PRODUCTS_DIR; };
		46E111C52BBF782C007CC522 /* CoCoaTouchUITests.swift */ = {isa = PBXFileReference; lastKnownFileType = sourcecode.swift; path = CoCoaTouchUITests.swift; sourceTree = "<group>"; };
		46E111C72BBF782C007CC522 /* CoCoaTouchUITestsLaunchTests.swift */ = {isa = PBXFileReference; lastKnownFileType = sourcecode.swift; path = CoCoaTouchUITestsLaunchTests.swift; sourceTree = "<group>"; };
		46E111D42BBF7967007CC522 /* ReposTableViewController.swift */ = {isa = PBXFileReference; lastKnownFileType = sourcecode.swift; path = ReposTableViewController.swift; sourceTree = "<group>"; };
/* End PBXFileReference section */

/* Begin PBXFrameworksBuildPhase section */
		46E1119E2BBF7829007CC522 /* Frameworks */ = {
			isa = PBXFrameworksBuildPhase;
			buildActionMask = 2147483647;
			files = (
			);
			runOnlyForDeploymentPostprocessing = 0;
		};
		46E111B42BBF782C007CC522 /* Frameworks */ = {
			isa = PBXFrameworksBuildPhase;
			buildActionMask = 2147483647;
			files = (
			);
			runOnlyForDeploymentPostprocessing = 0;
		};
		46E111BE2BBF782C007CC522 /* Frameworks */ = {
			isa = PBXFrameworksBuildPhase;
			buildActionMask = 2147483647;
			files = (
			);
			runOnlyForDeploymentPostprocessing = 0;
		};
/* End PBXFrameworksBuildPhase section */

/* Begin PBXGroup section */
		46E111982BBF7829007CC522 = {
			isa = PBXGroup;
			children = (
				46E111A32BBF7829007CC522 /* CoCoaTouch */,
				46E111BA2BBF782C007CC522 /* CoCoaTouchTests */,
				46E111C42BBF782C007CC522 /* CoCoaTouchUITests */,
				46E111A22BBF7829007CC522 /* Products */,
			);
			sourceTree = "<group>";
		};
		46E111A22BBF7829007CC522 /* Products */ = {
			isa = PBXGroup;
			children = (
				46E111A12BBF7829007CC522 /* CoCoaTouch.app */,
				46E111B72BBF782C007CC522 /* CoCoaTouchTests.xctest */,
				46E111C12BBF782C007CC522 /* CoCoaTouchUITests.xctest */,
			);
			name = Products;
			sourceTree = "<group>";
		};
		46E111A32BBF7829007CC522 /* CoCoaTouch */ = {
			isa = PBXGroup;
			children = (
				46E111A42BBF7829007CC522 /* AppDelegate.swift */,
				46E111A62BBF7829007CC522 /* SceneDelegate.swift */,
				46E111A82BBF7829007CC522 /* ViewController.swift */,
				46E111AA2BBF7829007CC522 /* Main.storyboard */,
				46E111AD2BBF782B007CC522 /* Assets.xcassets */,
				46E111AF2BBF782B007CC522 /* LaunchScreen.storyboard */,
				46E111B22BBF782B007CC522 /* Info.plist */,
				46E111D42BBF7967007CC522 /* ReposTableViewController.swift */,
			);
			path = CoCoaTouch;
			sourceTree = "<group>";
		};
		46E111BA2BBF782C007CC522 /* CoCoaTouchTests */ = {
			isa = PBXGroup;
			children = (
				46E111BB2BBF782C007CC522 /* CoCoaTouchTests.swift */,
			);
			path = CoCoaTouchTests;
			sourceTree = "<group>";
		};
		46E111C42BBF782C007CC522 /* CoCoaTouchUITests */ = {
			isa = PBXGroup;
			children = (
				46E111C52BBF782C007CC522 /* CoCoaTouchUITests.swift */,
				46E111C72BBF782C007CC522 /* CoCoaTouchUITestsLaunchTests.swift */,
			);
			path = CoCoaTouchUITests;
			sourceTree = "<group>";
		};
/* End PBXGroup section */

/* Begin PBXNativeTarget section */
		46E111A02BBF7829007CC522 /* CoCoaTouch */ = {
			isa = PBXNativeTarget;
			buildConfigurationList = 46E111CB2BBF782C007CC522 /* Build configuration list for PBXNativeTarget "CoCoaTouch" */;
			buildPhases = (
				46E1119D2BBF7829007CC522 /* Sources */,
				46E1119E2BBF7829007CC522 /* Frameworks */,
				46E1119F2BBF7829007CC522 /* Resources */,
			);
			buildRules = (
			);
			dependencies = (
			);
			name = CoCoaTouch;
			productName = CoCoaTouch;
			productReference = 46E111A12BBF7829007CC522 /* CoCoaTouch.app */;
			productType = "com.apple.product-type.application";
		};
		46E111B62BBF782C007CC522 /* CoCoaTouchTests */ = {
			isa = PBXNativeTarget;
			buildConfigurationList = 46E111CE2BBF782C007CC522 /* Build configuration list for PBXNativeTarget "CoCoaTouchTests" */;
			buildPhases = (
				46E111B32BBF782C007CC522 /* Sources */,
				46E111B42BBF782C007CC522 /* Frameworks */,
				46E111B52BBF782C007CC522 /* Resources */,
			);
			buildRules = (
			);
			dependencies = (
				46E111B92BBF782C007CC522 /* PBXTargetDependency */,
			);
			name = CoCoaTouchTests;
			productName = CoCoaTouchTests;
			productReference = 46E111B72BBF782C007CC522 /* CoCoaTouchTests.xctest */;
			productType = "com.apple.product-type.bundle.unit-test";
		};
		46E111C02BBF782C007CC522 /* CoCoaTouchUITests */ = {
			isa = PBXNativeTarget;
			buildConfigurationList = 46E111D12BBF782C007CC522 /* Build configuration list for PBXNativeTarget "CoCoaTouchUITests" */;
			buildPhases = (
				46E111BD2BBF782C007CC522 /* Sources */,
				46E111BE2BBF782C007CC522 /* Frameworks */,
				46E111BF2BBF782C007CC522 /* Resources */,
			);
			buildRules = (
			);
			dependencies = (
				46E111C32BBF782C007CC522 /* PBXTargetDependency */,
			);
			name = CoCoaTouchUITests;
			productName = CoCoaTouchUITests;
			productReference = 46E111C12BBF782C007CC522 /* CoCoaTouchUITests.xctest */;
			productType = "com.apple.product-type.bundle.ui-testing";
		};
/* End PBXNativeTarget section */

/* Begin PBXProject section */
		46E111992BBF7829007CC522 /* Project object */ = {
			isa = PBXProject;
			attributes = {
				BuildIndependentTargetsInParallel = 1;
				LastSwiftUpdateCheck = 1530;
				LastUpgradeCheck = 1530;
				TargetAttributes = {
					46E111A02BBF7829007CC522 = {
						CreatedOnToolsVersion = 15.3;
					};
					46E111B62BBF782C007CC522 = {
						CreatedOnToolsVersion = 15.3;
						TestTargetID = 46E111A02BBF7829007CC522;
					};
					46E111C02BBF782C007CC522 = {
						CreatedOnToolsVersion = 15.3;
						TestTargetID = 46E111A02BBF7829007CC522;
					};
				};
			};
			buildConfigurationList = 46E1119C2BBF7829007CC522 /* Build configuration list for PBXProject "CoCoaTouch" */;
			compatibilityVersion = "Xcode 14.0";
			developmentRegion = en;
			hasScannedForEncodings = 0;
			knownRegions = (
				en,
				Base,
			);
			mainGroup = 46E111982BBF7829007CC522;
			productRefGroup = 46E111A22BBF7829007CC522 /* Products */;
			projectDirPath = "";
			projectRoot = "";
			targets = (
				46E111A02BBF7829007CC522 /* CoCoaTouch */,
				46E111B62BBF782C007CC522 /* CoCoaTouchTests */,
				46E111C02BBF782C007CC522 /* CoCoaTouchUITests */,
			);
		};
/* End PBXProject section */

/* Begin PBXResourcesBuildPhase section */
		46E1119F2BBF7829007CC522 /* Resources */ = {
			isa = PBXResourcesBuildPhase;
			buildActionMask = 2147483647;
			files = (
				46E111AE2BBF782B007CC522 /* Assets.xcassets in Resources */,
				46E111B12BBF782B007CC522 /* Base in Resources */,
				46E111AC2BBF7829007CC522 /* Base in Resources */,
			);
			runOnlyForDeploymentPostprocessing = 0;
		};
		46E111B52BBF782C007CC522 /* Resources */ = {
			isa = PBXResourcesBuildPhase;
			buildActionMask = 2147483647;
			files = (
			);
			runOnlyForDeploymentPostprocessing = 0;
		};
		46E111BF2BBF782C007CC522 /* Resources */ = {
			isa = PBXResourcesBuildPhase;
			buildActionMask = 2147483647;
			files = (
			);
			runOnlyForDeploymentPostprocessing = 0;
		};
/* End PBXResourcesBuildPhase section */

/* Begin PBXSourcesBuildPhase section */
		46E1119D2BBF7829007CC522 /* Sources */ = {
			isa = PBXSourcesBuildPhase;
			buildActionMask = 2147483647;
			files = (
				46E111A92BBF7829007CC522 /* ViewController.swift in Sources */,
				46E111D52BBF7967007CC522 /* ReposTableViewController.swift in Sources */,
				46E111A52BBF7829007CC522 /* AppDelegate.swift in Sources */,
				46E111A72BBF7829007CC522 /* SceneDelegate.swift in Sources */,
			);
			runOnlyForDeploymentPostprocessing = 0;
		};
		46E111B32BBF782C007CC522 /* Sources */ = {
			isa = PBXSourcesBuildPhase;
			buildActionMask = 2147483647;
			files = (
				46E111BC2BBF782C007CC522 /* CoCoaTouchTests.swift in Sources */,
			);
			runOnlyForDeploymentPostprocessing = 0;
		};
		46E111BD2BBF782C007CC522 /* Sources */ = {
			isa = PBXSourcesBuildPhase;
			buildActionMask = 2147483647;
			files = (
				46E111C82BBF782C007CC522 /* CoCoaTouchUITestsLaunchTests.swift in Sources */,
				46E111C62BBF782C007CC522 /* CoCoaTouchUITests.swift in Sources */,
			);
			runOnlyForDeploymentPostprocessing = 0;
		};
/* End PBXSourcesBuildPhase section */

/* Begin PBXTargetDependency section */
		46E111B92BBF782C007CC522 /* PBXTargetDependency */ = {
			isa = PBXTargetDependency;
			target = 46E111A02BBF7829007CC522 /* CoCoaTouch */;
			targetProxy = 46E111B82BBF782C007CC522 /* PBXContainerItemProxy */;
		};
		46E111C32BBF782C007CC522 /* PBXTargetDependency */ = {
			isa = PBXTargetDependency;
			target = 46E111A02BBF7829007CC522 /* CoCoaTouch */;
			targetProxy = 46E111C22BBF782C007CC522 /* PBXContainerItemProxy */;
		};
/* End PBXTargetDependency section */

/* Begin PBXVariantGroup section */
		46E111AA2BBF7829007CC522 /* Main.storyboard */ = {
			isa = PBXVariantGroup;
			children = (
				46E111AB2BBF7829007CC522 /* Base */,
			);
			name = Main.storyboard;
			sourceTree = "<group>";
		};
		46E111AF2BBF782B007CC522 /* LaunchScreen.storyboard */ = {
			isa = PBXVariantGroup;
			children = (
				46E111B02BBF782B007CC522 /* Base */,
			);
			name = LaunchScreen.storyboard;
			sourceTree = "<group>";
		};
/* End PBXVariantGroup section */

/* Begin XCBuildConfiguration section */
		46E111C92BBF782C007CC522 /* Debug */ = {
			isa = XCBuildConfiguration;
			buildSettings = {
				ALWAYS_SEARCH_USER_PATHS = NO;
				ASSETCATALOG_COMPILER_GENERATE_SWIFT_ASSET_SYMBOL_EXTENSIONS = YES;
				CLANG_ANALYZER_NONNULL = YES;
				CLANG_ANALYZER_NUMBER_OBJECT_CONVERSION = YES_AGGRESSIVE;
				CLANG_CXX_LANGUAGE_STANDARD = "gnu++20";
				CLANG_ENABLE_MODULES = YES;
				CLANG_ENABLE_OBJC_ARC = YES;
				CLANG_ENABLE_OBJC_WEAK = YES;
				CLANG_WARN_BLOCK_CAPTURE_AUTORELEASING = YES;
				CLANG_WARN_BOOL_CONVERSION = YES;
				CLANG_WARN_COMMA = YES;
				CLANG_WARN_CONSTANT_CONVERSION = YES;
				CLANG_WARN_DEPRECATED_OBJC_IMPLEMENTATIONS = YES;
				CLANG_WARN_DIRECT_OBJC_ISA_USAGE = YES_ERROR;
				CLANG_WARN_DOCUMENTATION_COMMENTS = YES;
				CLANG_WARN_EMPTY_BODY = YES;
				CLANG_WARN_ENUM_CONVERSION = YES;
				CLANG_WARN_INFINITE_RECURSION = YES;
				CLANG_WARN_INT_CONVERSION = YES;
				CLANG_WARN_NON_LITERAL_NULL_CONVERSION = YES;
				CLANG_WARN_OBJC_IMPLICIT_RETAIN_SELF = YES;
				CLANG_WARN_OBJC_LITERAL_CONVERSION = YES;
				CLANG_WARN_OBJC_ROOT_CLASS = YES_ERROR;
				CLANG_WARN_QUOTED_INCLUDE_IN_FRAMEWORK_HEADER = YES;
				CLANG_WARN_RANGE_LOOP_ANALYSIS = YES;
				CLANG_WARN_STRICT_PROTOTYPES = YES;
				CLANG_WARN_SUSPICIOUS_MOVE = YES;
				CLANG_WARN_UNGUARDED_AVAILABILITY = YES_AGGRESSIVE;
				CLANG_WARN_UNREACHABLE_CODE = YES;
				CLANG_WARN__DUPLICATE_METHOD_MATCH = YES;
				COPY_PHASE_STRIP = NO;
				DEBUG_INFORMATION_FORMAT = dwarf;
				ENABLE_STRICT_OBJC_MSGSEND = YES;
				ENABLE_TESTABILITY = YES;
				ENABLE_USER_SCRIPT_SANDBOXING = YES;
				GCC_C_LANGUAGE_STANDARD = gnu17;
				GCC_DYNAMIC_NO_PIC = NO;
				GCC_NO_COMMON_BLOCKS = YES;
				GCC_OPTIMIZATION_LEVEL = 0;
				GCC_PREPROCESSOR_DEFINITIONS = (
					"DEBUG=1",
					"$(inherited)",
				);
				GCC_WARN_64_TO_32_BIT_CONVERSION = YES;
				GCC_WARN_ABOUT_RETURN_TYPE = YES_ERROR;
				GCC_WARN_UNDECLARED_SELECTOR = YES;
				GCC_WARN_UNINITIALIZED_AUTOS = YES_AGGRESSIVE;
				GCC_WARN_UNUSED_FUNCTION = YES;
				GCC_WARN_UNUSED_VARIABLE = YES;
				IPHONEOS_DEPLOYMENT_TARGET = 17.4;
				LOCALIZATION_PREFERS_STRING_CATALOGS = YES;
				MTL_ENABLE_DEBUG_INFO = INCLUDE_SOURCE;
				MTL_FAST_MATH = YES;
				ONLY_ACTIVE_ARCH = YES;
				SDKROOT = iphoneos;
				SWIFT_ACTIVE_COMPILATION_CONDITIONS = "DEBUG $(inherited)";
				SWIFT_OPTIMIZATION_LEVEL = "-Onone";
			};
			name = Debug;
		};
		46E111CA2BBF782C007CC522 /* Release */ = {
			isa = XCBuildConfiguration;
			buildSettings = {
				ALWAYS_SEARCH_USER_PATHS = NO;
				ASSETCATALOG_COMPILER_GENERATE_SWIFT_ASSET_SYMBOL_EXTENSIONS = YES;
				CLANG_ANALYZER_NONNULL = YES;
				CLANG_ANALYZER_NUMBER_OBJECT_CONVERSION = YES_AGGRESSIVE;
				CLANG_CXX_LANGUAGE_STANDARD = "gnu++20";
				CLANG_ENABLE_MODULES = YES;
				CLANG_ENABLE_OBJC_ARC = YES;
				CLANG_ENABLE_OBJC_WEAK = YES;
				CLANG_WARN_BLOCK_CAPTURE_AUTORELEASING = YES;
				CLANG_WARN_BOOL_CONVERSION = YES;
				CLANG_WARN_COMMA = YES;
				CLANG_WARN_CONSTANT_CONVERSION = YES;
				CLANG_WARN_DEPRECATED_OBJC_IMPLEMENTATIONS = YES;
				CLANG_WARN_DIRECT_OBJC_ISA_USAGE = YES_ERROR;
				CLANG_WARN_DOCUMENTATION_COMMENTS = YES;
				CLANG_WARN_EMPTY_BODY = YES;
				CLANG_WARN_ENUM_CONVERSION = YES;
				CLANG_WARN_INFINITE_RECURSION = YES;
				CLANG_WARN_INT_CONVERSION = YES;
				CLANG_WARN_NON_LITERAL_NULL_CONVERSION = YES;
				CLANG_WARN_OBJC_IMPLICIT_RETAIN_SELF = YES;
				CLANG_WARN_OBJC_LITERAL_CONVERSION = YES;
				CLANG_WARN_OBJC_ROOT_CLASS = YES_ERROR;
				CLANG_WARN_QUOTED_INCLUDE_IN_FRAMEWORK_HEADER = YES;
				CLANG_WARN_RANGE_LOOP_ANALYSIS = YES;
				CLANG_WARN_STRICT_PROTOTYPES = YES;
				CLANG_WARN_SUSPICIOUS_MOVE = YES;
				CLANG_WARN_UNGUARDED_AVAILABILITY = YES_AGGRESSIVE;
				CLANG_WARN_UNREACHABLE_CODE = YES;
				CLANG_WARN__DUPLICATE_METHOD_MATCH = YES;
				COPY_PHASE_STRIP = NO;
				DEBUG_INFORMATION_FORMAT = "dwarf-with-dsym";
				ENABLE_NS_ASSERTIONS = NO;
				ENABLE_STRICT_OBJC_MSGSEND = YES;
				ENABLE_USER_SCRIPT_SANDBOXING = YES;
				GCC_C_LANGUAGE_STANDARD = gnu17;
				GCC_NO_COMMON_BLOCKS = YES;
				GCC_WARN_64_TO_32_BIT_CONVERSION = YES;
				GCC_WARN_ABOUT_RETURN_TYPE = YES_ERROR;
				GCC_WARN_UNDECLARED_SELECTOR = YES;
				GCC_WARN_UNINITIALIZED_AUTOS = YES_AGGRESSIVE;
				GCC_WARN_UNUSED_FUNCTION = YES;
				GCC_WARN_UNUSED_VARIABLE = YES;
				IPHONEOS_DEPLOYMENT_TARGET = 17.4;
				LOCALIZATION_PREFERS_STRING_CATALOGS = YES;
				MTL_ENABLE_DEBUG_INFO = NO;
				MTL_FAST_MATH = YES;
				SDKROOT = iphoneos;
				SWIFT_COMPILATION_MODE = wholemodule;
				VALIDATE_PRODUCT = YES;
			};
			name = Release;
		};
		46E111CC2BBF782C007CC522 /* Debug */ = {
			isa = XCBuildConfiguration;
			buildSettings = {
				ASSETCATALOG_COMPILER_APPICON_NAME = AppIcon;
				ASSETCATALOG_COMPILER_GLOBAL_ACCENT_COLOR_NAME = AccentColor;
				CODE_SIGN_STYLE = Automatic;
				CURRENT_PROJECT_VERSION = 1;
				DEVELOPMENT_TEAM = 7K76RWRQBL;
				GENERATE_INFOPLIST_FILE = YES;
				INFOPLIST_FILE = CoCoaTouch/Info.plist;
				INFOPLIST_KEY_UIApplicationSupportsIndirectInputEvents = YES;
				INFOPLIST_KEY_UILaunchStoryboardName = LaunchScreen;
				INFOPLIST_KEY_UIMainStoryboardFile = Main;
				INFOPLIST_KEY_UISupportedInterfaceOrientations_iPad = "UIInterfaceOrientationPortrait UIInterfaceOrientationPortraitUpsideDown UIInterfaceOrientationLandscapeLeft UIInterfaceOrientationLandscapeRight";
				INFOPLIST_KEY_UISupportedInterfaceOrientations_iPhone = "UIInterfaceOrientationPortrait UIInterfaceOrientationLandscapeLeft UIInterfaceOrientationLandscapeRight";
				LD_RUNPATH_SEARCH_PATHS = (
					"$(inherited)",
					"@executable_path/Frameworks",
				);
				MARKETING_VERSION = 1.0;
				PRODUCT_BUNDLE_IDENTIFIER = com.jaeHyeonLim9298.CoCoaTouch;
				PRODUCT_NAME = "$(TARGET_NAME)";
				SWIFT_EMIT_LOC_STRINGS = YES;
				SWIFT_VERSION = 5.0;
				TARGETED_DEVICE_FAMILY = "1,2";
			};
			name = Debug;
		};
		46E111CD2BBF782C007CC522 /* Release */ = {
			isa = XCBuildConfiguration;
			buildSettings = {
				ASSETCATALOG_COMPILER_APPICON_NAME = AppIcon;
				ASSETCATALOG_COMPILER_GLOBAL_ACCENT_COLOR_NAME = AccentColor;
				CODE_SIGN_STYLE = Automatic;
				CURRENT_PROJECT_VERSION = 1;
				DEVELOPMENT_TEAM = 7K76RWRQBL;
				GENERATE_INFOPLIST_FILE = YES;
				INFOPLIST_FILE = CoCoaTouch/Info.plist;
				INFOPLIST_KEY_UIApplicationSupportsIndirectInputEvents = YES;
				INFOPLIST_KEY_UILaunchStoryboardName = LaunchScreen;
				INFOPLIST_KEY_UIMainStoryboardFile = Main;
				INFOPLIST_KEY_UISupportedInterfaceOrientations_iPad = "UIInterfaceOrientationPortrait UIInterfaceOrientationPortraitUpsideDown UIInterfaceOrientationLandscapeLeft UIInterfaceOrientationLandscapeRight";
				INFOPLIST_KEY_UISupportedInterfaceOrientations_iPhone = "UIInterfaceOrientationPortrait UIInterfaceOrientationLandscapeLeft UIInterfaceOrientationLandscapeRight";
				LD_RUNPATH_SEARCH_PATHS = (
					"$(inherited)",
					"@executable_path/Frameworks",
				);
				MARKETING_VERSION = 1.0;
				PRODUCT_BUNDLE_IDENTIFIER = com.jaeHyeonLim9298.CoCoaTouch;
				PRODUCT_NAME = "$(TARGET_NAME)";
				SWIFT_EMIT_LOC_STRINGS = YES;
				SWIFT_VERSION = 5.0;
				TARGETED_DEVICE_FAMILY = "1,2";
			};
			name = Release;
		};
		46E111CF2BBF782C007CC522 /* Debug */ = {
			isa = XCBuildConfiguration;
			buildSettings = {
				ALWAYS_EMBED_SWIFT_STANDARD_LIBRARIES = YES;
				BUNDLE_LOADER = "$(TEST_HOST)";
				CODE_SIGN_STYLE = Automatic;
				CURRENT_PROJECT_VERSION = 1;
				DEVELOPMENT_TEAM = 7K76RWRQBL;
				GENERATE_INFOPLIST_FILE = YES;
				IPHONEOS_DEPLOYMENT_TARGET = 17.4;
				MARKETING_VERSION = 1.0;
				PRODUCT_BUNDLE_IDENTIFIER = com.jaeHyeonLim9298.CoCoaTouchTests;
				PRODUCT_NAME = "$(TARGET_NAME)";
				SWIFT_EMIT_LOC_STRINGS = NO;
				SWIFT_VERSION = 5.0;
				TARGETED_DEVICE_FAMILY = "1,2";
				TEST_HOST = "$(BUILT_PRODUCTS_DIR)/CoCoaTouch.app/$(BUNDLE_EXECUTABLE_FOLDER_PATH)/CoCoaTouch";
			};
			name = Debug;
		};
		46E111D02BBF782C007CC522 /* Release */ = {
			isa = XCBuildConfiguration;
			buildSettings = {
				ALWAYS_EMBED_SWIFT_STANDARD_LIBRARIES = YES;
				BUNDLE_LOADER = "$(TEST_HOST)";
				CODE_SIGN_STYLE = Automatic;
				CURRENT_PROJECT_VERSION = 1;
				DEVELOPMENT_TEAM = 7K76RWRQBL;
				GENERATE_INFOPLIST_FILE = YES;
				IPHONEOS_DEPLOYMENT_TARGET = 17.4;
				MARKETING_VERSION = 1.0;
				PRODUCT_BUNDLE_IDENTIFIER = com.jaeHyeonLim9298.CoCoaTouchTests;
				PRODUCT_NAME = "$(TARGET_NAME)";
				SWIFT_EMIT_LOC_STRINGS = NO;
				SWIFT_VERSION = 5.0;
				TARGETED_DEVICE_FAMILY = "1,2";
				TEST_HOST = "$(BUILT_PRODUCTS_DIR)/CoCoaTouch.app/$(BUNDLE_EXECUTABLE_FOLDER_PATH)/CoCoaTouch";
			};
			name = Release;
		};
		46E111D22BBF782C007CC522 /* Debug */ = {
			isa = XCBuildConfiguration;
			buildSettings = {
				ALWAYS_EMBED_SWIFT_STANDARD_LIBRARIES = YES;
				CODE_SIGN_STYLE = Automatic;
				CURRENT_PROJECT_VERSION = 1;
				DEVELOPMENT_TEAM = 7K76RWRQBL;
				GENERATE_INFOPLIST_FILE = YES;
				MARKETING_VERSION = 1.0;
				PRODUCT_BUNDLE_IDENTIFIER = com.jaeHyeonLim9298.CoCoaTouchUITests;
				PRODUCT_NAME = "$(TARGET_NAME)";
				SWIFT_EMIT_LOC_STRINGS = NO;
				SWIFT_VERSION = 5.0;
				TARGETED_DEVICE_FAMILY = "1,2";
				TEST_TARGET_NAME = CoCoaTouch;
			};
			name = Debug;
		};
		46E111D32BBF782C007CC522 /* Release */ = {
			isa = XCBuildConfiguration;
			buildSettings = {
				ALWAYS_EMBED_SWIFT_STANDARD_LIBRARIES = YES;
				CODE_SIGN_STYLE = Automatic;
				CURRENT_PROJECT_VERSION = 1;
				DEVELOPMENT_TEAM = 7K76RWRQBL;
				GENERATE_INFOPLIST_FILE = YES;
				MARKETING_VERSION = 1.0;
				PRODUCT_BUNDLE_IDENTIFIER = com.jaeHyeonLim9298.CoCoaTouchUITests;
				PRODUCT_NAME = "$(TARGET_NAME)";
				SWIFT_EMIT_LOC_STRINGS = NO;
				SWIFT_VERSION = 5.0;
				TARGETED_DEVICE_FAMILY = "1,2";
				TEST_TARGET_NAME = CoCoaTouch;
			};
			name = Release;
		};
/* End XCBuildConfiguration section */

/* Begin XCConfigurationList section */
		46E1119C2BBF7829007CC522 /* Build configuration list for PBXProject "CoCoaTouch" */ = {
			isa = XCConfigurationList;
			buildConfigurations = (
				46E111C92BBF782C007CC522 /* Debug */,
				46E111CA2BBF782C007CC522 /* Release */,
			);
			defaultConfigurationIsVisible = 0;
			defaultConfigurationName = Release;
		};
		46E111CB2BBF782C007CC522 /* Build configuration list for PBXNativeTarget "CoCoaTouch" */ = {
			isa = XCConfigurationList;
			buildConfigurations = (
				46E111CC2BBF782C007CC522 /* Debug */,
				46E111CD2BBF782C007CC522 /* Release */,
			);
			defaultConfigurationIsVisible = 0;
			defaultConfigurationName = Release;
		};
		46E111CE2BBF782C007CC522 /* Build configuration list for PBXNativeTarget "CoCoaTouchTests" */ = {
			isa = XCConfigurationList;
			buildConfigurations = (
				46E111CF2BBF782C007CC522 /* Debug */,
				46E111D02BBF782C007CC522 /* Release */,
			);
			defaultConfigurationIsVisible = 0;
			defaultConfigurationName = Release;
		};
		46E111D12BBF782C007CC522 /* Build configuration list for PBXNativeTarget "CoCoaTouchUITests" */ = {
			isa = XCConfigurationList;
			buildConfigurations = (
				46E111D22BBF782C007CC522 /* Debug */,
				46E111D32BBF782C007CC522 /* Release */,
			);
			defaultConfigurationIsVisible = 0;
			defaultConfigurationName = Release;
		};
/* End XCConfigurationList section */
	};
	rootObject = 46E111992BBF7829007CC522 /* Project object */;
}
